// !$*UTF8*$!
{
	archiveVersion = 1;
	classes = {
	};
	objectVersion = 48;
	objects = {

/* Begin PBXBuildFile section */
		59B432E01F60648400622DEA /* AppDelegate.swift in Sources */ = {isa = PBXBuildFile; fileRef = 59B432DF1F60648400622DEA /* AppDelegate.swift */; };
		59B432E21F60648400622DEA /* ViewController.swift in Sources */ = {isa = PBXBuildFile; fileRef = 59B432E11F60648400622DEA /* ViewController.swift */; };
		59B432E51F60648400622DEA /* Main.storyboard in Resources */ = {isa = PBXBuildFile; fileRef = 59B432E31F60648400622DEA /* Main.storyboard */; };
		59B432E71F60648400622DEA /* Assets.xcassets in Resources */ = {isa = PBXBuildFile; fileRef = 59B432E61F60648400622DEA /* Assets.xcassets */; };
		59B432EA1F60648400622DEA /* LaunchScreen.storyboard in Resources */ = {isa = PBXBuildFile; fileRef = 59B432E81F60648400622DEA /* LaunchScreen.storyboard */; };
		59B432F51F60648400622DEA /* ProxyTests.swift in Sources */ = {isa = PBXBuildFile; fileRef = 59B432F41F60648400622DEA /* ProxyTests.swift */; };
		59B433001F60648400622DEA /* ProxyUITests.swift in Sources */ = {isa = PBXBuildFile; fileRef = 59B432FF1F60648400622DEA /* ProxyUITests.swift */; };
/* End PBXBuildFile section */

/* Begin PBXContainerItemProxy section */
		59B432F11F60648400622DEA /* PBXContainerItemProxy */ = {
			isa = PBXContainerItemProxy;
			containerPortal = 59B432D41F60648400622DEA /* Project object */;
			proxyType = 1;
			remoteGlobalIDString = 59B432DB1F60648400622DEA;
			remoteInfo = Proxy;
		};
		59B432FC1F60648400622DEA /* PBXContainerItemProxy */ = {
			isa = PBXContainerItemProxy;
			containerPortal = 59B432D41F60648400622DEA /* Project object */;
			proxyType = 1;
			remoteGlobalIDString = 59B432DB1F60648400622DEA;
			remoteInfo = Proxy;
		};
/* End PBXContainerItemProxy section */

/* Begin PBXFileReference section */
		59B432DC1F60648400622DEA /* Proxy.app */ = {isa = PBXFileReference; explicitFileType = wrapper.application; includeInIndex = 0; path = Proxy.app; sourceTree = BUILT_PRODUCTS_DIR; };
		59B432DF1F60648400622DEA /* AppDelegate.swift */ = {isa = PBXFileReference; lastKnownFileType = sourcecode.swift; path = AppDelegate.swift; sourceTree = "<group>"; };
		59B432E11F60648400622DEA /* ViewController.swift */ = {isa = PBXFileReference; lastKnownFileType = sourcecode.swift; path = ViewController.swift; sourceTree = "<group>"; };
		59B432E41F60648400622DEA /* Base */ = {isa = PBXFileReference; lastKnownFileType = file.storyboard; name = Base; path = Base.lproj/Main.storyboard; sourceTree = "<group>"; };
		59B432E61F60648400622DEA /* Assets.xcassets */ = {isa = PBXFileReference; lastKnownFileType = folder.assetcatalog; path = Assets.xcassets; sourceTree = "<group>"; };
		59B432E91F60648400622DEA /* Base */ = {isa = PBXFileReference; lastKnownFileType = file.storyboard; name = Base; path = Base.lproj/LaunchScreen.storyboard; sourceTree = "<group>"; };
		59B432EB1F60648400622DEA /* Info.plist */ = {isa = PBXFileReference; lastKnownFileType = text.plist.xml; path = Info.plist; sourceTree = "<group>"; };
		59B432F01F60648400622DEA /* ProxyTests.xctest */ = {isa = PBXFileReference; explicitFileType = wrapper.cfbundle; includeInIndex = 0; path = ProxyTests.xctest; sourceTree = BUILT_PRODUCTS_DIR; };
		59B432F41F60648400622DEA /* ProxyTests.swift */ = {isa = PBXFileReference; lastKnownFileType = sourcecode.swift; path = ProxyTests.swift; sourceTree = "<group>"; };
		59B432F61F60648400622DEA /* Info.plist */ = {isa = PBXFileReference; lastKnownFileType = text.plist.xml; path = Info.plist; sourceTree = "<group>"; };
		59B432FB1F60648400622DEA /* ProxyUITests.xctest */ = {isa = PBXFileReference; explicitFileType = wrapper.cfbundle; includeInIndex = 0; path = ProxyUITests.xctest; sourceTree = BUILT_PRODUCTS_DIR; };
		59B432FF1F60648400622DEA /* ProxyUITests.swift */ = {isa = PBXFileReference; lastKnownFileType = sourcecode.swift; path = ProxyUITests.swift; sourceTree = "<group>"; };
		59B433011F60648400622DEA /* Info.plist */ = {isa = PBXFileReference; lastKnownFileType = text.plist.xml; path = Info.plist; sourceTree = "<group>"; };
/* End PBXFileReference section */

/* Begin PBXFrameworksBuildPhase section */
		59B432D91F60648400622DEA /* Frameworks */ = {
			isa = PBXFrameworksBuildPhase;
			buildActionMask = 2147483647;
			files = (
			);
			runOnlyForDeploymentPostprocessing = 0;
		};
		59B432ED1F60648400622DEA /* Frameworks */ = {
			isa = PBXFrameworksBuildPhase;
			buildActionMask = 2147483647;
			files = (
			);
			runOnlyForDeploymentPostprocessing = 0;
		};
		59B432F81F60648400622DEA /* Frameworks */ = {
			isa = PBXFrameworksBuildPhase;
			buildActionMask = 2147483647;
			files = (
			);
			runOnlyForDeploymentPostprocessing = 0;
		};
/* End PBXFrameworksBuildPhase section */

/* Begin PBXGroup section */
		59B432D31F60648400622DEA = {
			isa = PBXGroup;
			children = (
				59B432DE1F60648400622DEA /* Proxy */,
				59B432F31F60648400622DEA /* ProxyTests */,
				59B432FE1F60648400622DEA /* ProxyUITests */,
				59B432DD1F60648400622DEA /* Products */,
			);
			sourceTree = "<group>";
		};
		59B432DD1F60648400622DEA /* Products */ = {
			isa = PBXGroup;
			children = (
				59B432DC1F60648400622DEA /* Proxy.app */,
				59B432F01F60648400622DEA /* ProxyTests.xctest */,
				59B432FB1F60648400622DEA /* ProxyUITests.xctest */,
			);
			name = Products;
			sourceTree = "<group>";
		};
		59B432DE1F60648400622DEA /* Proxy */ = {
			isa = PBXGroup;
			children = (
				59B432DF1F60648400622DEA /* AppDelegate.swift */,
				59B432E11F60648400622DEA /* ViewController.swift */,
				59B432E31F60648400622DEA /* Main.storyboard */,
				59B432E61F60648400622DEA /* Assets.xcassets */,
				59B432E81F60648400622DEA /* LaunchScreen.storyboard */,
				59B432EB1F60648400622DEA /* Info.plist */,
			);
			path = Proxy;
			sourceTree = "<group>";
		};
		59B432F31F60648400622DEA /* ProxyTests */ = {
			isa = PBXGroup;
			children = (
				59B432F41F60648400622DEA /* ProxyTests.swift */,
				59B432F61F60648400622DEA /* Info.plist */,
			);
			path = ProxyTests;
			sourceTree = "<group>";
		};
		59B432FE1F60648400622DEA /* ProxyUITests */ = {
			isa = PBXGroup;
			children = (
				59B432FF1F60648400622DEA /* ProxyUITests.swift */,
				59B433011F60648400622DEA /* Info.plist */,
			);
			path = ProxyUITests;
			sourceTree = "<group>";
		};
/* End PBXGroup section */

/* Begin PBXNativeTarget section */
		59B432DB1F60648400622DEA /* Proxy */ = {
			isa = PBXNativeTarget;
			buildConfigurationList = 59B433041F60648400622DEA /* Build configuration list for PBXNativeTarget "Proxy" */;
			buildPhases = (
				59B432D81F60648400622DEA /* Sources */,
				59B432D91F60648400622DEA /* Frameworks */,
				59B432DA1F60648400622DEA /* Resources */,
			);
			buildRules = (
			);
			dependencies = (
			);
			name = Proxy;
			productName = Proxy;
			productReference = 59B432DC1F60648400622DEA /* Proxy.app */;
			productType = "com.apple.product-type.application";
		};
		59B432EF1F60648400622DEA /* ProxyTests */ = {
			isa = PBXNativeTarget;
			buildConfigurationList = 59B433071F60648400622DEA /* Build configuration list for PBXNativeTarget "ProxyTests" */;
			buildPhases = (
				59B432EC1F60648400622DEA /* Sources */,
				59B432ED1F60648400622DEA /* Frameworks */,
				59B432EE1F60648400622DEA /* Resources */,
			);
			buildRules = (
			);
			dependencies = (
				59B432F21F60648400622DEA /* PBXTargetDependency */,
			);
			name = ProxyTests;
			productName = ProxyTests;
			productReference = 59B432F01F60648400622DEA /* ProxyTests.xctest */;
			productType = "com.apple.product-type.bundle.unit-test";
		};
		59B432FA1F60648400622DEA /* ProxyUITests */ = {
			isa = PBXNativeTarget;
			buildConfigurationList = 59B4330A1F60648400622DEA /* Build configuration list for PBXNativeTarget "ProxyUITests" */;
			buildPhases = (
				59B432F71F60648400622DEA /* Sources */,
				59B432F81F60648400622DEA /* Frameworks */,
				59B432F91F60648400622DEA /* Resources */,
			);
			buildRules = (
			);
			dependencies = (
				59B432FD1F60648400622DEA /* PBXTargetDependency */,
			);
			name = ProxyUITests;
			productName = ProxyUITests;
			productReference = 59B432FB1F60648400622DEA /* ProxyUITests.xctest */;
			productType = "com.apple.product-type.bundle.ui-testing";
		};
/* End PBXNativeTarget section */

/* Begin PBXProject section */
		59B432D41F60648400622DEA /* Project object */ = {
			isa = PBXProject;
			attributes = {
				LastSwiftUpdateCheck = 0900;
				LastUpgradeCheck = 0900;
				ORGANIZATIONNAME = "Quan Vo";
				TargetAttributes = {
					59B432DB1F60648400622DEA = {
						CreatedOnToolsVersion = 9.0;
						ProvisioningStyle = Automatic;
					};
					59B432EF1F60648400622DEA = {
						CreatedOnToolsVersion = 9.0;
						ProvisioningStyle = Automatic;
						TestTargetID = 59B432DB1F60648400622DEA;
					};
					59B432FA1F60648400622DEA = {
						CreatedOnToolsVersion = 9.0;
						ProvisioningStyle = Automatic;
						TestTargetID = 59B432DB1F60648400622DEA;
					};
				};
			};
			buildConfigurationList = 59B432D71F60648400622DEA /* Build configuration list for PBXProject "Proxy" */;
			compatibilityVersion = "Xcode 8.0";
			developmentRegion = en;
			hasScannedForEncodings = 0;
			knownRegions = (
				en,
				Base,
			);
			mainGroup = 59B432D31F60648400622DEA;
			productRefGroup = 59B432DD1F60648400622DEA /* Products */;
			projectDirPath = "";
			projectRoot = "";
			targets = (
				59B432DB1F60648400622DEA /* Proxy */,
				59B432EF1F60648400622DEA /* ProxyTests */,
				59B432FA1F60648400622DEA /* ProxyUITests */,
			);
		};
/* End PBXProject section */

/* Begin PBXResourcesBuildPhase section */
		59B432DA1F60648400622DEA /* Resources */ = {
			isa = PBXResourcesBuildPhase;
			buildActionMask = 2147483647;
			files = (
				59B432EA1F60648400622DEA /* LaunchScreen.storyboard in Resources */,
				59B432E71F60648400622DEA /* Assets.xcassets in Resources */,
				59B432E51F60648400622DEA /* Main.storyboard in Resources */,
			);
			runOnlyForDeploymentPostprocessing = 0;
		};
		59B432EE1F60648400622DEA /* Resources */ = {
			isa = PBXResourcesBuildPhase;
			buildActionMask = 2147483647;
			files = (
			);
			runOnlyForDeploymentPostprocessing = 0;
		};
		59B432F91F60648400622DEA /* Resources */ = {
			isa = PBXResourcesBuildPhase;
			buildActionMask = 2147483647;
			files = (
			);
			runOnlyForDeploymentPostprocessing = 0;
		};
/* End PBXResourcesBuildPhase section */

/* Begin PBXSourcesBuildPhase section */
		59B432D81F60648400622DEA /* Sources */ = {
			isa = PBXSourcesBuildPhase;
			buildActionMask = 2147483647;
			files = (
				59B432E21F60648400622DEA /* ViewController.swift in Sources */,
				59B432E01F60648400622DEA /* AppDelegate.swift in Sources */,
			);
			runOnlyForDeploymentPostprocessing = 0;
		};
		59B432EC1F60648400622DEA /* Sources */ = {
			isa = PBXSourcesBuildPhase;
			buildActionMask = 2147483647;
			files = (
				59B432F51F60648400622DEA /* ProxyTests.swift in Sources */,
			);
			runOnlyForDeploymentPostprocessing = 0;
		};
		59B432F71F60648400622DEA /* Sources */ = {
			isa = PBXSourcesBuildPhase;
			buildActionMask = 2147483647;
			files = (
				59B433001F60648400622DEA /* ProxyUITests.swift in Sources */,
			);
			runOnlyForDeploymentPostprocessing = 0;
		};
/* End PBXSourcesBuildPhase section */

/* Begin PBXTargetDependency section */
		59B432F21F60648400622DEA /* PBXTargetDependency */ = {
			isa = PBXTargetDependency;
			target = 59B432DB1F60648400622DEA /* Proxy */;
			targetProxy = 59B432F11F60648400622DEA /* PBXContainerItemProxy */;
		};
		59B432FD1F60648400622DEA /* PBXTargetDependency */ = {
			isa = PBXTargetDependency;
			target = 59B432DB1F60648400622DEA /* Proxy */;
			targetProxy = 59B432FC1F60648400622DEA /* PBXContainerItemProxy */;
		};
/* End PBXTargetDependency section */

/* Begin PBXVariantGroup section */
		59B432E31F60648400622DEA /* Main.storyboard */ = {
			isa = PBXVariantGroup;
			children = (
				59B432E41F60648400622DEA /* Base */,
			);
			name = Main.storyboard;
			sourceTree = "<group>";
		};
		59B432E81F60648400622DEA /* LaunchScreen.storyboard */ = {
			isa = PBXVariantGroup;
			children = (
				59B432E91F60648400622DEA /* Base */,
			);
			name = LaunchScreen.storyboard;
			sourceTree = "<group>";
		};
/* End PBXVariantGroup section */

/* Begin XCBuildConfiguration section */
		59B433021F60648400622DEA /* Debug */ = {
			isa = XCBuildConfiguration;
			buildSettings = {
				ALWAYS_SEARCH_USER_PATHS = NO;
				CLANG_ANALYZER_NONNULL = YES;
				CLANG_ANALYZER_NUMBER_OBJECT_CONVERSION = YES_AGGRESSIVE;
				CLANG_CXX_LANGUAGE_STANDARD = "gnu++14";
				CLANG_CXX_LIBRARY = "libc++";
				CLANG_ENABLE_MODULES = YES;
				CLANG_ENABLE_OBJC_ARC = YES;
				CLANG_WARN_BLOCK_CAPTURE_AUTORELEASING = YES;
				CLANG_WARN_BOOL_CONVERSION = YES;
				CLANG_WARN_COMMA = YES;
				CLANG_WARN_CONSTANT_CONVERSION = YES;
				CLANG_WARN_DIRECT_OBJC_ISA_USAGE = YES_ERROR;
				CLANG_WARN_DOCUMENTATION_COMMENTS = YES;
				CLANG_WARN_EMPTY_BODY = YES;
				CLANG_WARN_ENUM_CONVERSION = YES;
				CLANG_WARN_INFINITE_RECURSION = YES;
				CLANG_WARN_INT_CONVERSION = YES;
				CLANG_WARN_NON_LITERAL_NULL_CONVERSION = YES;
				CLANG_WARN_OBJC_LITERAL_CONVERSION = YES;
				CLANG_WARN_OBJC_ROOT_CLASS = YES_ERROR;
				CLANG_WARN_RANGE_LOOP_ANALYSIS = YES;
				CLANG_WARN_STRICT_PROTOTYPES = YES;
				CLANG_WARN_SUSPICIOUS_MOVE = YES;
				CLANG_WARN_UNGUARDED_AVAILABILITY = YES_AGGRESSIVE;
				CLANG_WARN_UNREACHABLE_CODE = YES;
				CLANG_WARN__DUPLICATE_METHOD_MATCH = YES;
				CODE_SIGN_IDENTITY = "iPhone Developer";
				COPY_PHASE_STRIP = NO;
				DEBUG_INFORMATION_FORMAT = dwarf;
				ENABLE_STRICT_OBJC_MSGSEND = YES;
				ENABLE_TESTABILITY = YES;
				GCC_C_LANGUAGE_STANDARD = gnu11;
				GCC_DYNAMIC_NO_PIC = NO;
				GCC_NO_COMMON_BLOCKS = YES;
				GCC_OPTIMIZATION_LEVEL = 0;
				GCC_PREPROCESSOR_DEFINITIONS = (
					"DEBUG=1",
					"$(inherited)",
				);
				GCC_WARN_64_TO_32_BIT_CONVERSION = YES;
				GCC_WARN_ABOUT_RETURN_TYPE = YES_ERROR;
				GCC_WARN_UNDECLARED_SELECTOR = YES;
				GCC_WARN_UNINITIALIZED_AUTOS = YES_AGGRESSIVE;
				GCC_WARN_UNUSED_FUNCTION = YES;
				GCC_WARN_UNUSED_VARIABLE = YES;
				IPHONEOS_DEPLOYMENT_TARGET = 11.0;
				MTL_ENABLE_DEBUG_INFO = YES;
				ONLY_ACTIVE_ARCH = YES;
				SDKROOT = iphoneos;
				SWIFT_ACTIVE_COMPILATION_CONDITIONS = DEBUG;
				SWIFT_OPTIMIZATION_LEVEL = "-Onone";
			};
			name = Debug;
		};
		59B433031F60648400622DEA /* Release */ = {
			isa = XCBuildConfiguration;
			buildSettings = {
				ALWAYS_SEARCH_USER_PATHS = NO;
				CLANG_ANALYZER_NONNULL = YES;
				CLANG_ANALYZER_NUMBER_OBJECT_CONVERSION = YES_AGGRESSIVE;
				CLANG_CXX_LANGUAGE_STANDARD = "gnu++14";
				CLANG_CXX_LIBRARY = "libc++";
				CLANG_ENABLE_MODULES = YES;
				CLANG_ENABLE_OBJC_ARC = YES;
				CLANG_WARN_BLOCK_CAPTURE_AUTORELEASING = YES;
				CLANG_WARN_BOOL_CONVERSION = YES;
				CLANG_WARN_COMMA = YES;
				CLANG_WARN_CONSTANT_CONVERSION = YES;
				CLANG_WARN_DIRECT_OBJC_ISA_USAGE = YES_ERROR;
				CLANG_WARN_DOCUMENTATION_COMMENTS = YES;
				CLANG_WARN_EMPTY_BODY = YES;
				CLANG_WARN_ENUM_CONVERSION = YES;
				CLANG_WARN_INFINITE_RECURSION = YES;
				CLANG_WARN_INT_CONVERSION = YES;
				CLANG_WARN_NON_LITERAL_NULL_CONVERSION = YES;
				CLANG_WARN_OBJC_LITERAL_CONVERSION = YES;
				CLANG_WARN_OBJC_ROOT_CLASS = YES_ERROR;
				CLANG_WARN_RANGE_LOOP_ANALYSIS = YES;
				CLANG_WARN_STRICT_PROTOTYPES = YES;
				CLANG_WARN_SUSPICIOUS_MOVE = YES;
				CLANG_WARN_UNGUARDED_AVAILABILITY = YES_AGGRESSIVE;
				CLANG_WARN_UNREACHABLE_CODE = YES;
				CLANG_WARN__DUPLICATE_METHOD_MATCH = YES;
				CODE_SIGN_IDENTITY = "iPhone Developer";
				COPY_PHASE_STRIP = NO;
				DEBUG_INFORMATION_FORMAT = "dwarf-with-dsym";
				ENABLE_NS_ASSERTIONS = NO;
				ENABLE_STRICT_OBJC_MSGSEND = YES;
				GCC_C_LANGUAGE_STANDARD = gnu11;
				GCC_NO_COMMON_BLOCKS = YES;
				GCC_WARN_64_TO_32_BIT_CONVERSION = YES;
				GCC_WARN_ABOUT_RETURN_TYPE = YES_ERROR;
				GCC_WARN_UNDECLARED_SELECTOR = YES;
				GCC_WARN_UNINITIALIZED_AUTOS = YES_AGGRESSIVE;
				GCC_WARN_UNUSED_FUNCTION = YES;
				GCC_WARN_UNUSED_VARIABLE = YES;
				IPHONEOS_DEPLOYMENT_TARGET = 11.0;
				MTL_ENABLE_DEBUG_INFO = NO;
				SDKROOT = iphoneos;
				SWIFT_OPTIMIZATION_LEVEL = "-Owholemodule";
				VALIDATE_PRODUCT = YES;
			};
			name = Release;
		};
		59B433051F60648400622DEA /* Debug */ = {
			isa = XCBuildConfiguration;
			buildSettings = {
				ASSETCATALOG_COMPILER_APPICON_NAME = AppIcon;
				CODE_SIGN_STYLE = Automatic;
				DEVELOPMENT_TEAM = 8UMN526X69;
				INFOPLIST_FILE = Proxy/Info.plist;
				LD_RUNPATH_SEARCH_PATHS = "$(inherited) @executable_path/Frameworks";
				PRODUCT_BUNDLE_IDENTIFIER = com.quanvo.Proxy;
				PRODUCT_NAME = "$(TARGET_NAME)";
				SWIFT_VERSION = 4.0;
				TARGETED_DEVICE_FAMILY = "1,2";
			};
			name = Debug;
		};
		59B433061F60648400622DEA /* Release */ = {
			isa = XCBuildConfiguration;
			buildSettings = {
				ASSETCATALOG_COMPILER_APPICON_NAME = AppIcon;
				CODE_SIGN_STYLE = Automatic;
				DEVELOPMENT_TEAM = 8UMN526X69;
				INFOPLIST_FILE = Proxy/Info.plist;
				LD_RUNPATH_SEARCH_PATHS = "$(inherited) @executable_path/Frameworks";
				PRODUCT_BUNDLE_IDENTIFIER = com.quanvo.Proxy;
				PRODUCT_NAME = "$(TARGET_NAME)";
				SWIFT_VERSION = 4.0;
				TARGETED_DEVICE_FAMILY = "1,2";
			};
			name = Release;
		};
		59B433081F60648400622DEA /* Debug */ = {
			isa = XCBuildConfiguration;
			buildSettings = {
				ALWAYS_EMBED_SWIFT_STANDARD_LIBRARIES = YES;
				BUNDLE_LOADER = "$(TEST_HOST)";
				CODE_SIGN_STYLE = Automatic;
				DEVELOPMENT_TEAM = 8UMN526X69;
				INFOPLIST_FILE = ProxyTests/Info.plist;
				LD_RUNPATH_SEARCH_PATHS = "$(inherited) @executable_path/Frameworks @loader_path/Frameworks";
				PRODUCT_BUNDLE_IDENTIFIER = com.quanvo.ProxyTests;
				PRODUCT_NAME = "$(TARGET_NAME)";
				SWIFT_VERSION = 4.0;
				TARGETED_DEVICE_FAMILY = "1,2";
				TEST_HOST = "$(BUILT_PRODUCTS_DIR)/Proxy.app/Proxy";
			};
			name = Debug;
		};
		59B433091F60648400622DEA /* Release */ = {
			isa = XCBuildConfiguration;
			buildSettings = {
				ALWAYS_EMBED_SWIFT_STANDARD_LIBRARIES = YES;
				BUNDLE_LOADER = "$(TEST_HOST)";
				CODE_SIGN_STYLE = Automatic;
				DEVELOPMENT_TEAM = 8UMN526X69;
				INFOPLIST_FILE = ProxyTests/Info.plist;
				LD_RUNPATH_SEARCH_PATHS = "$(inherited) @executable_path/Frameworks @loader_path/Frameworks";
				PRODUCT_BUNDLE_IDENTIFIER = com.quanvo.ProxyTests;
				PRODUCT_NAME = "$(TARGET_NAME)";
				SWIFT_VERSION = 4.0;
				TARGETED_DEVICE_FAMILY = "1,2";
				TEST_HOST = "$(BUILT_PRODUCTS_DIR)/Proxy.app/Proxy";
			};
			name = Release;
		};
		59B4330B1F60648400622DEA /* Debug */ = {
			isa = XCBuildConfiguration;
			buildSettings = {
				ALWAYS_EMBED_SWIFT_STANDARD_LIBRARIES = YES;
				CODE_SIGN_STYLE = Automatic;
				DEVELOPMENT_TEAM = 8UMN526X69;
				INFOPLIST_FILE = ProxyUITests/Info.plist;
				LD_RUNPATH_SEARCH_PATHS = "$(inherited) @executable_path/Frameworks @loader_path/Frameworks";
				PRODUCT_BUNDLE_IDENTIFIER = com.quanvo.ProxyUITests;
				PRODUCT_NAME = "$(TARGET_NAME)";
				SWIFT_VERSION = 4.0;
				TARGETED_DEVICE_FAMILY = "1,2";
				TEST_TARGET_NAME = Proxy;
			};
			name = Debug;
		};
		59B4330C1F60648400622DEA /* Release */ = {
			isa = XCBuildConfiguration;
			buildSettings = {
				ALWAYS_EMBED_SWIFT_STANDARD_LIBRARIES = YES;
				CODE_SIGN_STYLE = Automatic;
				DEVELOPMENT_TEAM = 8UMN526X69;
				INFOPLIST_FILE = ProxyUITests/Info.plist;
				LD_RUNPATH_SEARCH_PATHS = "$(inherited) @executable_path/Frameworks @loader_path/Frameworks";
				PRODUCT_BUNDLE_IDENTIFIER = com.quanvo.ProxyUITests;
				PRODUCT_NAME = "$(TARGET_NAME)";
				SWIFT_VERSION = 4.0;
				TARGETED_DEVICE_FAMILY = "1,2";
				TEST_TARGET_NAME = Proxy;
			};
			name = Release;
		};
/* End XCBuildConfiguration section */

/* Begin XCConfigurationList section */
		59B432D71F60648400622DEA /* Build configuration list for PBXProject "Proxy" */ = {
			isa = XCConfigurationList;
			buildConfigurations = (
				59B433021F60648400622DEA /* Debug */,
				59B433031F60648400622DEA /* Release */,
			);
			defaultConfigurationIsVisible = 0;
			defaultConfigurationName = Release;
		};
		59B433041F60648400622DEA /* Build configuration list for PBXNativeTarget "Proxy" */ = {
			isa = XCConfigurationList;
			buildConfigurations = (
				59B433051F60648400622DEA /* Debug */,
				59B433061F60648400622DEA /* Release */,
			);
			defaultConfigurationIsVisible = 0;
			defaultConfigurationName = Release;
		};
		59B433071F60648400622DEA /* Build configuration list for PBXNativeTarget "ProxyTests" */ = {
			isa = XCConfigurationList;
			buildConfigurations = (
				59B433081F60648400622DEA /* Debug */,
				59B433091F60648400622DEA /* Release */,
			);
			defaultConfigurationIsVisible = 0;
			defaultConfigurationName = Release;
		};
		59B4330A1F60648400622DEA /* Build configuration list for PBXNativeTarget "ProxyUITests" */ = {
			isa = XCConfigurationList;
			buildConfigurations = (
				59B4330B1F60648400622DEA /* Debug */,
				59B4330C1F60648400622DEA /* Release */,
			);
			defaultConfigurationIsVisible = 0;
			defaultConfigurationName = Release;
		};
/* End XCConfigurationList section */
	};
	rootObject = 59B432D41F60648400622DEA /* Project object */;
}
