// !$*UTF8*$!
{
	archiveVersion = 1;
	classes = {
	};
	objectVersion = 46;
	objects = {

/* Begin PBXBuildFile section */
		140E0D031D82AEA000D68F71 /* IconPickerCell.swift in Sources */ = {isa = PBXBuildFile; fileRef = 140E0D021D82AEA000D68F71 /* IconPickerCell.swift */; };
		140E0D071D82AF2F00D68F71 /* IconPickerCollectionViewController.swift in Sources */ = {isa = PBXBuildFile; fileRef = 140E0D061D82AF2F00D68F71 /* IconPickerCollectionViewController.swift */; };
		140E0D091D83544C00D68F71 /* ConvoCell.swift in Sources */ = {isa = PBXBuildFile; fileRef = 140E0D081D83544C00D68F71 /* ConvoCell.swift */; };
		1415610D1D620DB7002022BC /* API.swift in Sources */ = {isa = PBXBuildFile; fileRef = 1415610C1D620DB7002022BC /* API.swift */; };
		1415611F1D62A8A3002022BC /* ProxyCell.swift in Sources */ = {isa = PBXBuildFile; fileRef = 1415611E1D62A8A3002022BC /* ProxyCell.swift */; };
		142029A01D812859008B29DB /* ErrorAlert.swift in Sources */ = {isa = PBXBuildFile; fileRef = 1420299F1D812859008B29DB /* ErrorAlert.swift */; };
		14383B0F1D7341070086CA6C /* SelectProxyViewControllerDelegate.swift in Sources */ = {isa = PBXBuildFile; fileRef = 14383B0E1D7341070086CA6C /* SelectProxyViewControllerDelegate.swift */; };
		14383B121D73802B0086CA6C /* Proxy.swift in Sources */ = {isa = PBXBuildFile; fileRef = 14383B111D73802B0086CA6C /* Proxy.swift */; };
		14383B171D73D42E0086CA6C /* Convo.swift in Sources */ = {isa = PBXBuildFile; fileRef = 14383B161D73D42E0086CA6C /* Convo.swift */; };
		14383B191D73D8F50086CA6C /* Message.swift in Sources */ = {isa = PBXBuildFile; fileRef = 14383B181D73D8F50086CA6C /* Message.swift */; };
		14383B251D7555670086CA6C /* ConvoViewController.swift in Sources */ = {isa = PBXBuildFile; fileRef = 14383B241D7555670086CA6C /* ConvoViewController.swift */; };
		14383B271D755C300086CA6C /* NewMessageViewControllerDelegate.swift in Sources */ = {isa = PBXBuildFile; fileRef = 14383B261D755C300086CA6C /* NewMessageViewControllerDelegate.swift */; };
		14383B291D75EA950086CA6C /* notes.swift in Sources */ = {isa = PBXBuildFile; fileRef = 14383B281D75EA950086CA6C /* notes.swift */; };
		14383B2D1D78A7210086CA6C /* ProxyInfoTableViewController.swift in Sources */ = {isa = PBXBuildFile; fileRef = 14383B2C1D78A7210086CA6C /* ProxyInfoTableViewController.swift */; };
		14383B5B1D7B0CB60086CA6C /* NSDate+NVTimeAgo.m in Sources */ = {isa = PBXBuildFile; fileRef = 14383B5A1D7B0CB60086CA6C /* NSDate+NVTimeAgo.m */; };
		14383B5D1D7B81530086CA6C /* ConvoInfoTableViewController.swift in Sources */ = {isa = PBXBuildFile; fileRef = 14383B5C1D7B81530086CA6C /* ConvoInfoTableViewController.swift */; };
		14383B5F1D7B835C0086CA6C /* ConvoNicknameCell.swift in Sources */ = {isa = PBXBuildFile; fileRef = 14383B5E1D7B835C0086CA6C /* ConvoNicknameCell.swift */; };
		143F76FA1D72C0C100EF305F /* SelectProxyViewController.swift in Sources */ = {isa = PBXBuildFile; fileRef = 143F76F91D72C0C100EF305F /* SelectProxyViewController.swift */; };
		145A4D321D84A6EC00BA64DC /* HomeTableViewController.swift in Sources */ = {isa = PBXBuildFile; fileRef = 145A4D311D84A6EC00BA64DC /* HomeTableViewController.swift */; };
		1470F3A21D83FA9800E932A1 /* MyProxiesTableViewController.swift in Sources */ = {isa = PBXBuildFile; fileRef = 1470F3A11D83FA9800E932A1 /* MyProxiesTableViewController.swift */; };
		147B5C381D82736700D18C73 /* ProxyInfoHeaderCell.swift in Sources */ = {isa = PBXBuildFile; fileRef = 147B5C371D82736700D18C73 /* ProxyInfoHeaderCell.swift */; };
		147B5C3A1D82891300D18C73 /* DefaultIcons.swift in Sources */ = {isa = PBXBuildFile; fileRef = 147B5C391D82891300D18C73 /* DefaultIcons.swift */; };
		14A6F17B1D68D5F20015431E /* SettingsViewController.swift in Sources */ = {isa = PBXBuildFile; fileRef = 14A6F17A1D68D5F20015431E /* SettingsViewController.swift */; };
		14A6F17F1D68D8020015431E /* SettingsItems.swift in Sources */ = {isa = PBXBuildFile; fileRef = 14A6F17E1D68D8020015431E /* SettingsItems.swift */; };
		14A6F1811D68D8160015431E /* SettingsItem.swift in Sources */ = {isa = PBXBuildFile; fileRef = 14A6F1801D68D8160015431E /* SettingsItem.swift */; };
		14A6F1831D68E4E00015431E /* SettingsTableViewCell.swift in Sources */ = {isa = PBXBuildFile; fileRef = 14A6F1821D68E4E00015431E /* SettingsTableViewCell.swift */; };
		14A6F18E1D6BDA880015431E /* Constants.swift in Sources */ = {isa = PBXBuildFile; fileRef = 14A6F18D1D6BDA880015431E /* Constants.swift */; };
		14A6F1901D6C21ED0015431E /* GoogleService-Info.plist in Resources */ = {isa = PBXBuildFile; fileRef = 14A6F18F1D6C21ED0015431E /* GoogleService-Info.plist */; };
		14A6F1941D6CF1410015431E /* ProxyNameGenerator.swift in Sources */ = {isa = PBXBuildFile; fileRef = 14A6F1931D6CF1410015431E /* ProxyNameGenerator.swift */; };
		14A6F1A21D6FB5090015431E /* NewMessageViewController.swift in Sources */ = {isa = PBXBuildFile; fileRef = 14A6F1A11D6FB5090015431E /* NewMessageViewController.swift */; };
		14E19A421D60EF100030B366 /* AppDelegate.swift in Sources */ = {isa = PBXBuildFile; fileRef = 14E19A411D60EF100030B366 /* AppDelegate.swift */; };
		14E19A471D60EF100030B366 /* Main.storyboard in Resources */ = {isa = PBXBuildFile; fileRef = 14E19A451D60EF100030B366 /* Main.storyboard */; };
		14E19A4C1D60EF100030B366 /* Assets.xcassets in Resources */ = {isa = PBXBuildFile; fileRef = 14E19A4B1D60EF100030B366 /* Assets.xcassets */; };
		14E19A4F1D60EF100030B366 /* LaunchScreen.storyboard in Resources */ = {isa = PBXBuildFile; fileRef = 14E19A4D1D60EF100030B366 /* LaunchScreen.storyboard */; };
		14E19A5C1D612CE80030B366 /* Extensions.swift in Sources */ = {isa = PBXBuildFile; fileRef = 14E19A5B1D612CE80030B366 /* Extensions.swift */; };
		14E19A5E1D6148700030B366 /* LogInViewController.swift in Sources */ = {isa = PBXBuildFile; fileRef = 14E19A5D1D6148700030B366 /* LogInViewController.swift */; };
		D7B59C0DFB22CA5893158C5B /* Pods_proxy.framework in Frameworks */ = {isa = PBXBuildFile; fileRef = 42B14E4F2F6BB0AA66125CA8 /* Pods_proxy.framework */; };
		F8601D08682CD23B0A712CAD /* Pods_proxy.framework in Frameworks */ = {isa = PBXBuildFile; fileRef = 38C5C6B48B79F08C65113251 /* Pods_proxy.framework */; };
/* End PBXBuildFile section */

/* Begin PBXFileReference section */
		140E0D021D82AEA000D68F71 /* IconPickerCell.swift */ = {isa = PBXFileReference; fileEncoding = 4; lastKnownFileType = sourcecode.swift; path = IconPickerCell.swift; sourceTree = "<group>"; };
		140E0D061D82AF2F00D68F71 /* IconPickerCollectionViewController.swift */ = {isa = PBXFileReference; fileEncoding = 4; lastKnownFileType = sourcecode.swift; path = IconPickerCollectionViewController.swift; sourceTree = "<group>"; };
		140E0D081D83544C00D68F71 /* ConvoCell.swift */ = {isa = PBXFileReference; fileEncoding = 4; lastKnownFileType = sourcecode.swift; path = ConvoCell.swift; sourceTree = "<group>"; };
		1415610C1D620DB7002022BC /* API.swift */ = {isa = PBXFileReference; fileEncoding = 4; lastKnownFileType = sourcecode.swift; path = API.swift; sourceTree = "<group>"; };
		1415611E1D62A8A3002022BC /* ProxyCell.swift */ = {isa = PBXFileReference; fileEncoding = 4; lastKnownFileType = sourcecode.swift; path = ProxyCell.swift; sourceTree = "<group>"; };
		1420299F1D812859008B29DB /* ErrorAlert.swift */ = {isa = PBXFileReference; fileEncoding = 4; lastKnownFileType = sourcecode.swift; path = ErrorAlert.swift; sourceTree = "<group>"; };
		14383B0E1D7341070086CA6C /* SelectProxyViewControllerDelegate.swift */ = {isa = PBXFileReference; fileEncoding = 4; lastKnownFileType = sourcecode.swift; path = SelectProxyViewControllerDelegate.swift; sourceTree = "<group>"; };
		14383B111D73802B0086CA6C /* Proxy.swift */ = {isa = PBXFileReference; fileEncoding = 4; lastKnownFileType = sourcecode.swift; path = Proxy.swift; sourceTree = "<group>"; };
		14383B161D73D42E0086CA6C /* Convo.swift */ = {isa = PBXFileReference; fileEncoding = 4; lastKnownFileType = sourcecode.swift; path = Convo.swift; sourceTree = "<group>"; };
		14383B181D73D8F50086CA6C /* Message.swift */ = {isa = PBXFileReference; fileEncoding = 4; lastKnownFileType = sourcecode.swift; path = Message.swift; sourceTree = "<group>"; };
		14383B241D7555670086CA6C /* ConvoViewController.swift */ = {isa = PBXFileReference; fileEncoding = 4; lastKnownFileType = sourcecode.swift; path = ConvoViewController.swift; sourceTree = "<group>"; };
		14383B261D755C300086CA6C /* NewMessageViewControllerDelegate.swift */ = {isa = PBXFileReference; fileEncoding = 4; lastKnownFileType = sourcecode.swift; path = NewMessageViewControllerDelegate.swift; sourceTree = "<group>"; };
		14383B281D75EA950086CA6C /* notes.swift */ = {isa = PBXFileReference; fileEncoding = 4; lastKnownFileType = sourcecode.swift; path = notes.swift; sourceTree = "<group>"; };
		14383B2C1D78A7210086CA6C /* ProxyInfoTableViewController.swift */ = {isa = PBXFileReference; fileEncoding = 4; lastKnownFileType = sourcecode.swift; path = ProxyInfoTableViewController.swift; sourceTree = "<group>"; };
		14383B591D7B0CB60086CA6C /* NSDate+NVTimeAgo.h */ = {isa = PBXFileReference; fileEncoding = 4; lastKnownFileType = sourcecode.c.h; path = "NSDate+NVTimeAgo.h"; sourceTree = "<group>"; };
		14383B5A1D7B0CB60086CA6C /* NSDate+NVTimeAgo.m */ = {isa = PBXFileReference; fileEncoding = 4; lastKnownFileType = sourcecode.c.objc; path = "NSDate+NVTimeAgo.m"; sourceTree = "<group>"; };
		14383B5C1D7B81530086CA6C /* ConvoInfoTableViewController.swift */ = {isa = PBXFileReference; fileEncoding = 4; lastKnownFileType = sourcecode.swift; path = ConvoInfoTableViewController.swift; sourceTree = "<group>"; };
		14383B5E1D7B835C0086CA6C /* ConvoNicknameCell.swift */ = {isa = PBXFileReference; fileEncoding = 4; lastKnownFileType = sourcecode.swift; path = ConvoNicknameCell.swift; sourceTree = "<group>"; };
		143F76F91D72C0C100EF305F /* SelectProxyViewController.swift */ = {isa = PBXFileReference; fileEncoding = 4; lastKnownFileType = sourcecode.swift; path = SelectProxyViewController.swift; sourceTree = "<group>"; };
		145A4D311D84A6EC00BA64DC /* HomeTableViewController.swift */ = {isa = PBXFileReference; fileEncoding = 4; lastKnownFileType = sourcecode.swift; path = HomeTableViewController.swift; sourceTree = "<group>"; };
		1470F3A11D83FA9800E932A1 /* MyProxiesTableViewController.swift */ = {isa = PBXFileReference; fileEncoding = 4; lastKnownFileType = sourcecode.swift; path = MyProxiesTableViewController.swift; sourceTree = "<group>"; };
		147B5C371D82736700D18C73 /* ProxyInfoHeaderCell.swift */ = {isa = PBXFileReference; fileEncoding = 4; lastKnownFileType = sourcecode.swift; path = ProxyInfoHeaderCell.swift; sourceTree = "<group>"; };
		147B5C391D82891300D18C73 /* DefaultIcons.swift */ = {isa = PBXFileReference; fileEncoding = 4; lastKnownFileType = sourcecode.swift; path = DefaultIcons.swift; sourceTree = "<group>"; };
		14A6F17A1D68D5F20015431E /* SettingsViewController.swift */ = {isa = PBXFileReference; fileEncoding = 4; lastKnownFileType = sourcecode.swift; path = SettingsViewController.swift; sourceTree = "<group>"; };
		14A6F17E1D68D8020015431E /* SettingsItems.swift */ = {isa = PBXFileReference; fileEncoding = 4; lastKnownFileType = sourcecode.swift; path = SettingsItems.swift; sourceTree = "<group>"; };
		14A6F1801D68D8160015431E /* SettingsItem.swift */ = {isa = PBXFileReference; fileEncoding = 4; lastKnownFileType = sourcecode.swift; path = SettingsItem.swift; sourceTree = "<group>"; };
		14A6F1821D68E4E00015431E /* SettingsTableViewCell.swift */ = {isa = PBXFileReference; fileEncoding = 4; lastKnownFileType = sourcecode.swift; path = SettingsTableViewCell.swift; sourceTree = "<group>"; };
		14A6F18D1D6BDA880015431E /* Constants.swift */ = {isa = PBXFileReference; fileEncoding = 4; lastKnownFileType = sourcecode.swift; path = Constants.swift; sourceTree = "<group>"; };
		14A6F18F1D6C21ED0015431E /* GoogleService-Info.plist */ = {isa = PBXFileReference; fileEncoding = 4; lastKnownFileType = text.plist.xml; path = "GoogleService-Info.plist"; sourceTree = "<group>"; };
		14A6F1931D6CF1410015431E /* ProxyNameGenerator.swift */ = {isa = PBXFileReference; fileEncoding = 4; lastKnownFileType = sourcecode.swift; path = ProxyNameGenerator.swift; sourceTree = "<group>"; };
		14A6F1A11D6FB5090015431E /* NewMessageViewController.swift */ = {isa = PBXFileReference; fileEncoding = 4; lastKnownFileType = sourcecode.swift; path = NewMessageViewController.swift; sourceTree = "<group>"; };
		14E19A3E1D60EF100030B366 /* proxy.app */ = {isa = PBXFileReference; explicitFileType = wrapper.application; includeInIndex = 0; path = proxy.app; sourceTree = BUILT_PRODUCTS_DIR; };
		14E19A411D60EF100030B366 /* AppDelegate.swift */ = {isa = PBXFileReference; lastKnownFileType = sourcecode.swift; path = AppDelegate.swift; sourceTree = "<group>"; };
		14E19A461D60EF100030B366 /* Base */ = {isa = PBXFileReference; lastKnownFileType = file.storyboard; name = Base; path = Base.lproj/Main.storyboard; sourceTree = "<group>"; };
		14E19A4B1D60EF100030B366 /* Assets.xcassets */ = {isa = PBXFileReference; lastKnownFileType = folder.assetcatalog; path = Assets.xcassets; sourceTree = "<group>"; };
		14E19A4E1D60EF100030B366 /* Base */ = {isa = PBXFileReference; lastKnownFileType = file.storyboard; name = Base; path = Base.lproj/LaunchScreen.storyboard; sourceTree = "<group>"; };
		14E19A501D60EF100030B366 /* Info.plist */ = {isa = PBXFileReference; lastKnownFileType = text.plist.xml; path = Info.plist; sourceTree = "<group>"; };
		14E19A561D60F07A0030B366 /* Header.h */ = {isa = PBXFileReference; lastKnownFileType = sourcecode.c.h; path = Header.h; sourceTree = "<group>"; };
		14E19A5B1D612CE80030B366 /* Extensions.swift */ = {isa = PBXFileReference; fileEncoding = 4; lastKnownFileType = sourcecode.swift; path = Extensions.swift; sourceTree = "<group>"; };
		14E19A5D1D6148700030B366 /* LogInViewController.swift */ = {isa = PBXFileReference; fileEncoding = 4; lastKnownFileType = sourcecode.swift; path = LogInViewController.swift; sourceTree = "<group>"; };
		197B015D4173F5D5144C2ADC /* Pods-proxy.release.xcconfig */ = {isa = PBXFileReference; includeInIndex = 1; lastKnownFileType = text.xcconfig; name = "Pods-proxy.release.xcconfig"; path = "Pods/Target Support Files/Pods-proxy/Pods-proxy.release.xcconfig"; sourceTree = "<group>"; };
		21E247E04340B3517641BD5C /* Pods-proxy.release.xcconfig */ = {isa = PBXFileReference; includeInIndex = 1; lastKnownFileType = text.xcconfig; name = "Pods-proxy.release.xcconfig"; path = "Pods/Target Support Files/Pods-proxy/Pods-proxy.release.xcconfig"; sourceTree = "<group>"; };
		38C5C6B48B79F08C65113251 /* Pods_proxy.framework */ = {isa = PBXFileReference; explicitFileType = wrapper.framework; includeInIndex = 0; path = Pods_proxy.framework; sourceTree = BUILT_PRODUCTS_DIR; };
		42B14E4F2F6BB0AA66125CA8 /* Pods_proxy.framework */ = {isa = PBXFileReference; explicitFileType = wrapper.framework; includeInIndex = 0; path = Pods_proxy.framework; sourceTree = BUILT_PRODUCTS_DIR; };
		A04F46FD8A0D68BCC97F95BC /* Pods-proxy.debug.xcconfig */ = {isa = PBXFileReference; includeInIndex = 1; lastKnownFileType = text.xcconfig; name = "Pods-proxy.debug.xcconfig"; path = "Pods/Target Support Files/Pods-proxy/Pods-proxy.debug.xcconfig"; sourceTree = "<group>"; };
		D44F5C36773BB980E0E0A068 /* Pods-proxy.debug.xcconfig */ = {isa = PBXFileReference; includeInIndex = 1; lastKnownFileType = text.xcconfig; name = "Pods-proxy.debug.xcconfig"; path = "Pods/Target Support Files/Pods-proxy/Pods-proxy.debug.xcconfig"; sourceTree = "<group>"; };
/* End PBXFileReference section */

/* Begin PBXFrameworksBuildPhase section */
		14E19A3B1D60EF100030B366 /* Frameworks */ = {
			isa = PBXFrameworksBuildPhase;
			buildActionMask = 2147483647;
			files = (
				F8601D08682CD23B0A712CAD /* Pods_proxy.framework in Frameworks */,
				D7B59C0DFB22CA5893158C5B /* Pods_proxy.framework in Frameworks */,
			);
			runOnlyForDeploymentPostprocessing = 0;
		};
/* End PBXFrameworksBuildPhase section */

/* Begin PBXGroup section */
		1434057E1D85315400B75BF3 /* Convos */ = {
			isa = PBXGroup;
			children = (
				14A6F1A11D6FB5090015431E /* NewMessageViewController.swift */,
				14383B261D755C300086CA6C /* NewMessageViewControllerDelegate.swift */,
				143F76F91D72C0C100EF305F /* SelectProxyViewController.swift */,
				14383B0E1D7341070086CA6C /* SelectProxyViewControllerDelegate.swift */,
				14383B241D7555670086CA6C /* ConvoViewController.swift */,
				14383B5C1D7B81530086CA6C /* ConvoInfoTableViewController.swift */,
			);
			name = Convos;
			sourceTree = "<group>";
		};
		14383B101D7380130086CA6C /* Model */ = {
			isa = PBXGroup;
			children = (
				14383B111D73802B0086CA6C /* Proxy.swift */,
				14383B161D73D42E0086CA6C /* Convo.swift */,
				14383B181D73D8F50086CA6C /* Message.swift */,
			);
			name = Model;
			sourceTree = "<group>";
		};
		14383B131D73AD1F0086CA6C /* View */ = {
			isa = PBXGroup;
			children = (
				1415611E1D62A8A3002022BC /* ProxyCell.swift */,
				147B5C371D82736700D18C73 /* ProxyInfoHeaderCell.swift */,
				140E0D021D82AEA000D68F71 /* IconPickerCell.swift */,
				140E0D081D83544C00D68F71 /* ConvoCell.swift */,
				14383B5E1D7B835C0086CA6C /* ConvoNicknameCell.swift */,
			);
			name = View;
			sourceTree = "<group>";
		};
		143F76F31D72BE0700EF305F /* Log In */ = {
			isa = PBXGroup;
			children = (
				14E19A5D1D6148700030B366 /* LogInViewController.swift */,
			);
			name = "Log In";
			sourceTree = "<group>";
		};
		143F76F41D72BE1D00EF305F /* Home */ = {
			isa = PBXGroup;
			children = (
				145A4D311D84A6EC00BA64DC /* HomeTableViewController.swift */,
			);
			name = Home;
			sourceTree = "<group>";
		};
		143F76F51D72BE2C00EF305F /* Proxies */ = {
			isa = PBXGroup;
			children = (
				1470F3A11D83FA9800E932A1 /* MyProxiesTableViewController.swift */,
				14383B2C1D78A7210086CA6C /* ProxyInfoTableViewController.swift */,
				140E0D061D82AF2F00D68F71 /* IconPickerCollectionViewController.swift */,
			);
			name = Proxies;
			sourceTree = "<group>";
		};
		143F76F61D72BE4100EF305F /* Settings */ = {
			isa = PBXGroup;
			children = (
				14A6F17A1D68D5F20015431E /* SettingsViewController.swift */,
				14A6F1821D68E4E00015431E /* SettingsTableViewCell.swift */,
				14A6F17E1D68D8020015431E /* SettingsItems.swift */,
				14A6F1801D68D8160015431E /* SettingsItem.swift */,
			);
			name = Settings;
			sourceTree = "<group>";
		};
		143F76F71D72BE7400EF305F /* Utility */ = {
			isa = PBXGroup;
			children = (
				1415610C1D620DB7002022BC /* API.swift */,
				14A6F18D1D6BDA880015431E /* Constants.swift */,
				14E19A5B1D612CE80030B366 /* Extensions.swift */,
				1420299F1D812859008B29DB /* ErrorAlert.swift */,
				14A6F1931D6CF1410015431E /* ProxyNameGenerator.swift */,
				147B5C391D82891300D18C73 /* DefaultIcons.swift */,
				14383B591D7B0CB60086CA6C /* NSDate+NVTimeAgo.h */,
				14383B5A1D7B0CB60086CA6C /* NSDate+NVTimeAgo.m */,
				14E19A411D60EF100030B366 /* AppDelegate.swift */,
			);
			name = Utility;
			sourceTree = "<group>";
		};
		143F76F81D72BFB800EF305F /* Other */ = {
			isa = PBXGroup;
			children = (
				14E19A4D1D60EF100030B366 /* LaunchScreen.storyboard */,
				14E19A501D60EF100030B366 /* Info.plist */,
				14A6F18F1D6C21ED0015431E /* GoogleService-Info.plist */,
				14E19A561D60F07A0030B366 /* Header.h */,
				14E19A3F1D60EF100030B366 /* Products */,
				8C58ABB3C024E5AA096A4135 /* Pods */,
				D428DCAD961DE668E1D7D394 /* Frameworks */,
			);
			name = Other;
			sourceTree = "<group>";
		};
		14E19A351D60EF100030B366 = {
			isa = PBXGroup;
			children = (
				14E19A401D60EF100030B366 /* proxy */,
				9A83F3C766D4B654D2044BF6 /* Pods */,
				F07A503573ADA0B0B8E01D98 /* Frameworks */,
			);
			sourceTree = "<group>";
		};
		14E19A3F1D60EF100030B366 /* Products */ = {
			isa = PBXGroup;
			children = (
				14E19A3E1D60EF100030B366 /* proxy.app */,
			);
			name = Products;
			path = ..;
			sourceTree = "<group>";
		};
		14E19A401D60EF100030B366 /* proxy */ = {
			isa = PBXGroup;
			children = (
				143F76F31D72BE0700EF305F /* Log In */,
				143F76F41D72BE1D00EF305F /* Home */,
				1434057E1D85315400B75BF3 /* Convos */,
				143F76F51D72BE2C00EF305F /* Proxies */,
				143F76F61D72BE4100EF305F /* Settings */,
				14383B101D7380130086CA6C /* Model */,
				14383B131D73AD1F0086CA6C /* View */,
				143F76F71D72BE7400EF305F /* Utility */,
				14E19A451D60EF100030B366 /* Main.storyboard */,
				14E19A4B1D60EF100030B366 /* Assets.xcassets */,
				14383B281D75EA950086CA6C /* notes.swift */,
				143F76F81D72BFB800EF305F /* Other */,
			);
			path = proxy;
			sourceTree = "<group>";
		};
		8C58ABB3C024E5AA096A4135 /* Pods */ = {
			isa = PBXGroup;
			children = (
				D44F5C36773BB980E0E0A068 /* Pods-proxy.debug.xcconfig */,
				197B015D4173F5D5144C2ADC /* Pods-proxy.release.xcconfig */,
			);
			name = Pods;
			path = ..;
			sourceTree = "<group>";
		};
		9A83F3C766D4B654D2044BF6 /* Pods */ = {
			isa = PBXGroup;
			children = (
				A04F46FD8A0D68BCC97F95BC /* Pods-proxy.debug.xcconfig */,
				21E247E04340B3517641BD5C /* Pods-proxy.release.xcconfig */,
			);
			name = Pods;
			sourceTree = "<group>";
		};
		D428DCAD961DE668E1D7D394 /* Frameworks */ = {
			isa = PBXGroup;
			children = (
				38C5C6B48B79F08C65113251 /* Pods_proxy.framework */,
			);
			name = Frameworks;
			path = ..;
			sourceTree = "<group>";
		};
		F07A503573ADA0B0B8E01D98 /* Frameworks */ = {
			isa = PBXGroup;
			children = (
				42B14E4F2F6BB0AA66125CA8 /* Pods_proxy.framework */,
			);
			name = Frameworks;
			sourceTree = "<group>";
		};
/* End PBXGroup section */

/* Begin PBXNativeTarget section */
		14E19A3D1D60EF100030B366 /* proxy */ = {
			isa = PBXNativeTarget;
			buildConfigurationList = 14E19A531D60EF100030B366 /* Build configuration list for PBXNativeTarget "proxy" */;
			buildPhases = (
				83D232E1070CCAD859B42900 /* [CP] Check Pods Manifest.lock */,
				14E19A3A1D60EF100030B366 /* Sources */,
				14E19A3B1D60EF100030B366 /* Frameworks */,
				14E19A3C1D60EF100030B366 /* Resources */,
				846E7DA1B37D3C9D1AC7926C /* [CP] Embed Pods Frameworks */,
				C70F166D59BC8F8E02158227 /* [CP] Copy Pods Resources */,
			);
			buildRules = (
			);
			dependencies = (
			);
			name = proxy;
			productName = proxy;
			productReference = 14E19A3E1D60EF100030B366 /* proxy.app */;
			productType = "com.apple.product-type.application";
		};
/* End PBXNativeTarget section */

/* Begin PBXProject section */
		14E19A361D60EF100030B366 /* Project object */ = {
			isa = PBXProject;
			attributes = {
				LastSwiftUpdateCheck = 0730;
				LastUpgradeCheck = 0730;
				ORGANIZATIONNAME = "Quan Vo";
				TargetAttributes = {
					14E19A3D1D60EF100030B366 = {
						CreatedOnToolsVersion = 7.3.1;
					};
				};
			};
			buildConfigurationList = 14E19A391D60EF100030B366 /* Build configuration list for PBXProject "proxy" */;
			compatibilityVersion = "Xcode 3.2";
			developmentRegion = English;
			hasScannedForEncodings = 0;
			knownRegions = (
				en,
				Base,
			);
			mainGroup = 14E19A351D60EF100030B366;
			productRefGroup = 14E19A3F1D60EF100030B366 /* Products */;
			projectDirPath = "";
			projectRoot = "";
			targets = (
				14E19A3D1D60EF100030B366 /* proxy */,
			);
		};
/* End PBXProject section */

/* Begin PBXResourcesBuildPhase section */
		14E19A3C1D60EF100030B366 /* Resources */ = {
			isa = PBXResourcesBuildPhase;
			buildActionMask = 2147483647;
			files = (
				14E19A4F1D60EF100030B366 /* LaunchScreen.storyboard in Resources */,
				14A6F1901D6C21ED0015431E /* GoogleService-Info.plist in Resources */,
				14E19A4C1D60EF100030B366 /* Assets.xcassets in Resources */,
				14E19A471D60EF100030B366 /* Main.storyboard in Resources */,
			);
			runOnlyForDeploymentPostprocessing = 0;
		};
/* End PBXResourcesBuildPhase section */

/* Begin PBXShellScriptBuildPhase section */
		83D232E1070CCAD859B42900 /* [CP] Check Pods Manifest.lock */ = {
			isa = PBXShellScriptBuildPhase;
			buildActionMask = 2147483647;
			files = (
			);
			inputPaths = (
			);
			name = "[CP] Check Pods Manifest.lock";
			outputPaths = (
			);
			runOnlyForDeploymentPostprocessing = 0;
			shellPath = /bin/sh;
			shellScript = "diff \"${PODS_ROOT}/../Podfile.lock\" \"${PODS_ROOT}/Manifest.lock\" > /dev/null\nif [[ $? != 0 ]] ; then\n    cat << EOM\nerror: The sandbox is not in sync with the Podfile.lock. Run 'pod install' or update your CocoaPods installation.\nEOM\n    exit 1\nfi\n";
			showEnvVarsInLog = 0;
		};
		846E7DA1B37D3C9D1AC7926C /* [CP] Embed Pods Frameworks */ = {
			isa = PBXShellScriptBuildPhase;
			buildActionMask = 2147483647;
			files = (
			);
			inputPaths = (
			);
			name = "[CP] Embed Pods Frameworks";
			outputPaths = (
			);
			runOnlyForDeploymentPostprocessing = 0;
			shellPath = /bin/sh;
			shellScript = "\"${SRCROOT}/Pods/Target Support Files/Pods-proxy/Pods-proxy-frameworks.sh\"\n";
			showEnvVarsInLog = 0;
		};
		C70F166D59BC8F8E02158227 /* [CP] Copy Pods Resources */ = {
			isa = PBXShellScriptBuildPhase;
			buildActionMask = 2147483647;
			files = (
			);
			inputPaths = (
			);
			name = "[CP] Copy Pods Resources";
			outputPaths = (
			);
			runOnlyForDeploymentPostprocessing = 0;
			shellPath = /bin/sh;
			shellScript = "\"${SRCROOT}/Pods/Target Support Files/Pods-proxy/Pods-proxy-resources.sh\"\n";
			showEnvVarsInLog = 0;
		};
/* End PBXShellScriptBuildPhase section */

/* Begin PBXSourcesBuildPhase section */
		14E19A3A1D60EF100030B366 /* Sources */ = {
			isa = PBXSourcesBuildPhase;
			buildActionMask = 2147483647;
			files = (
				142029A01D812859008B29DB /* ErrorAlert.swift in Sources */,
				14383B251D7555670086CA6C /* ConvoViewController.swift in Sources */,
				14383B171D73D42E0086CA6C /* Convo.swift in Sources */,
				147B5C3A1D82891300D18C73 /* DefaultIcons.swift in Sources */,
				14E19A5C1D612CE80030B366 /* Extensions.swift in Sources */,
				14A6F1831D68E4E00015431E /* SettingsTableViewCell.swift in Sources */,
				1415611F1D62A8A3002022BC /* ProxyCell.swift in Sources */,
				14383B5D1D7B81530086CA6C /* ConvoInfoTableViewController.swift in Sources */,
				14383B5B1D7B0CB60086CA6C /* NSDate+NVTimeAgo.m in Sources */,
				14383B121D73802B0086CA6C /* Proxy.swift in Sources */,
				14383B5F1D7B835C0086CA6C /* ConvoNicknameCell.swift in Sources */,
				14A6F1811D68D8160015431E /* SettingsItem.swift in Sources */,
				145A4D321D84A6EC00BA64DC /* HomeTableViewController.swift in Sources */,
				14E19A5E1D6148700030B366 /* LogInViewController.swift in Sources */,
				1470F3A21D83FA9800E932A1 /* MyProxiesTableViewController.swift in Sources */,
				14A6F18E1D6BDA880015431E /* Constants.swift in Sources */,
				147B5C381D82736700D18C73 /* ProxyInfoHeaderCell.swift in Sources */,
				14A6F17F1D68D8020015431E /* SettingsItems.swift in Sources */,
				140E0D091D83544C00D68F71 /* ConvoCell.swift in Sources */,
				14A6F17B1D68D5F20015431E /* SettingsViewController.swift in Sources */,
				143F76FA1D72C0C100EF305F /* SelectProxyViewController.swift in Sources */,
				140E0D071D82AF2F00D68F71 /* IconPickerCollectionViewController.swift in Sources */,
				1415610D1D620DB7002022BC /* API.swift in Sources */,
				14383B191D73D8F50086CA6C /* Message.swift in Sources */,
				14383B271D755C300086CA6C /* NewMessageViewControllerDelegate.swift in Sources */,
				14E19A421D60EF100030B366 /* AppDelegate.swift in Sources */,
				140E0D031D82AEA000D68F71 /* IconPickerCell.swift in Sources */,
				14A6F1941D6CF1410015431E /* ProxyNameGenerator.swift in Sources */,
				14A6F1A21D6FB5090015431E /* NewMessageViewController.swift in Sources */,
				14383B291D75EA950086CA6C /* notes.swift in Sources */,
				14383B0F1D7341070086CA6C /* SelectProxyViewControllerDelegate.swift in Sources */,
				14383B2D1D78A7210086CA6C /* ProxyInfoTableViewController.swift in Sources */,
			);
			runOnlyForDeploymentPostprocessing = 0;
		};
/* End PBXSourcesBuildPhase section */

/* Begin PBXVariantGroup section */
		14E19A451D60EF100030B366 /* Main.storyboard */ = {
			isa = PBXVariantGroup;
			children = (
				14E19A461D60EF100030B366 /* Base */,
			);
			name = Main.storyboard;
			sourceTree = "<group>";
		};
		14E19A4D1D60EF100030B366 /* LaunchScreen.storyboard */ = {
			isa = PBXVariantGroup;
			children = (
				14E19A4E1D60EF100030B366 /* Base */,
			);
			name = LaunchScreen.storyboard;
			sourceTree = "<group>";
		};
/* End PBXVariantGroup section */

/* Begin XCBuildConfiguration section */
		14E19A511D60EF100030B366 /* Debug */ = {
			isa = XCBuildConfiguration;
			buildSettings = {
				ALWAYS_SEARCH_USER_PATHS = NO;
				CLANG_ANALYZER_NONNULL = YES;
				CLANG_CXX_LANGUAGE_STANDARD = "gnu++0x";
				CLANG_CXX_LIBRARY = "libc++";
				CLANG_ENABLE_MODULES = YES;
				CLANG_ENABLE_OBJC_ARC = YES;
				CLANG_WARN_BOOL_CONVERSION = YES;
				CLANG_WARN_CONSTANT_CONVERSION = YES;
				CLANG_WARN_DIRECT_OBJC_ISA_USAGE = YES_ERROR;
				CLANG_WARN_EMPTY_BODY = YES;
				CLANG_WARN_ENUM_CONVERSION = YES;
				CLANG_WARN_INT_CONVERSION = YES;
				CLANG_WARN_OBJC_ROOT_CLASS = YES_ERROR;
				CLANG_WARN_UNREACHABLE_CODE = YES;
				CLANG_WARN__DUPLICATE_METHOD_MATCH = YES;
				"CODE_SIGN_IDENTITY[sdk=iphoneos*]" = "iPhone Developer";
				COPY_PHASE_STRIP = NO;
				DEBUG_INFORMATION_FORMAT = dwarf;
				ENABLE_STRICT_OBJC_MSGSEND = YES;
				ENABLE_TESTABILITY = YES;
				GCC_C_LANGUAGE_STANDARD = gnu99;
				GCC_DYNAMIC_NO_PIC = NO;
				GCC_NO_COMMON_BLOCKS = YES;
				GCC_OPTIMIZATION_LEVEL = 0;
				GCC_PREPROCESSOR_DEFINITIONS = (
					"DEBUG=1",
					"$(inherited)",
				);
				GCC_WARN_64_TO_32_BIT_CONVERSION = YES;
				GCC_WARN_ABOUT_RETURN_TYPE = YES_ERROR;
				GCC_WARN_UNDECLARED_SELECTOR = YES;
				GCC_WARN_UNINITIALIZED_AUTOS = YES_AGGRESSIVE;
				GCC_WARN_UNUSED_FUNCTION = YES;
				GCC_WARN_UNUSED_VARIABLE = YES;
				IPHONEOS_DEPLOYMENT_TARGET = 9.3;
				MTL_ENABLE_DEBUG_INFO = YES;
				ONLY_ACTIVE_ARCH = YES;
				SDKROOT = iphoneos;
				SWIFT_OPTIMIZATION_LEVEL = "-Onone";
				TARGETED_DEVICE_FAMILY = "1,2";
			};
			name = Debug;
		};
		14E19A521D60EF100030B366 /* Release */ = {
			isa = XCBuildConfiguration;
			buildSettings = {
				ALWAYS_SEARCH_USER_PATHS = NO;
				CLANG_ANALYZER_NONNULL = YES;
				CLANG_CXX_LANGUAGE_STANDARD = "gnu++0x";
				CLANG_CXX_LIBRARY = "libc++";
				CLANG_ENABLE_MODULES = YES;
				CLANG_ENABLE_OBJC_ARC = YES;
				CLANG_WARN_BOOL_CONVERSION = YES;
				CLANG_WARN_CONSTANT_CONVERSION = YES;
				CLANG_WARN_DIRECT_OBJC_ISA_USAGE = YES_ERROR;
				CLANG_WARN_EMPTY_BODY = YES;
				CLANG_WARN_ENUM_CONVERSION = YES;
				CLANG_WARN_INT_CONVERSION = YES;
				CLANG_WARN_OBJC_ROOT_CLASS = YES_ERROR;
				CLANG_WARN_UNREACHABLE_CODE = YES;
				CLANG_WARN__DUPLICATE_METHOD_MATCH = YES;
				"CODE_SIGN_IDENTITY[sdk=iphoneos*]" = "iPhone Developer";
				COPY_PHASE_STRIP = NO;
				DEBUG_INFORMATION_FORMAT = "dwarf-with-dsym";
				ENABLE_NS_ASSERTIONS = NO;
				ENABLE_STRICT_OBJC_MSGSEND = YES;
				GCC_C_LANGUAGE_STANDARD = gnu99;
				GCC_NO_COMMON_BLOCKS = YES;
				GCC_WARN_64_TO_32_BIT_CONVERSION = YES;
				GCC_WARN_ABOUT_RETURN_TYPE = YES_ERROR;
				GCC_WARN_UNDECLARED_SELECTOR = YES;
				GCC_WARN_UNINITIALIZED_AUTOS = YES_AGGRESSIVE;
				GCC_WARN_UNUSED_FUNCTION = YES;
				GCC_WARN_UNUSED_VARIABLE = YES;
				IPHONEOS_DEPLOYMENT_TARGET = 9.3;
				MTL_ENABLE_DEBUG_INFO = NO;
				SDKROOT = iphoneos;
				TARGETED_DEVICE_FAMILY = "1,2";
				VALIDATE_PRODUCT = YES;
			};
			name = Release;
		};
		14E19A541D60EF100030B366 /* Debug */ = {
			isa = XCBuildConfiguration;
			baseConfigurationReference = D44F5C36773BB980E0E0A068 /* Pods-proxy.debug.xcconfig */;
			buildSettings = {
				ASSETCATALOG_COMPILER_APPICON_NAME = AppIcon;
				INFOPLIST_FILE = proxy/Info.plist;
				LD_RUNPATH_SEARCH_PATHS = "$(inherited) @executable_path/Frameworks";
				PRODUCT_BUNDLE_IDENTIFIER = com.quanvo.proxy;
				PRODUCT_NAME = "$(TARGET_NAME)";
				SWIFT_OBJC_BRIDGING_HEADER = proxy/Header.h;
			};
			name = Debug;
		};
		14E19A551D60EF100030B366 /* Release */ = {
			isa = XCBuildConfiguration;
			baseConfigurationReference = 197B015D4173F5D5144C2ADC /* Pods-proxy.release.xcconfig */;
			buildSettings = {
				ASSETCATALOG_COMPILER_APPICON_NAME = AppIcon;
				INFOPLIST_FILE = proxy/Info.plist;
				LD_RUNPATH_SEARCH_PATHS = "$(inherited) @executable_path/Frameworks";
				PRODUCT_BUNDLE_IDENTIFIER = com.quanvo.proxy;
				PRODUCT_NAME = "$(TARGET_NAME)";
				SWIFT_OBJC_BRIDGING_HEADER = proxy/Header.h;
			};
			name = Release;
		};
/* End XCBuildConfiguration section */

/* Begin XCConfigurationList section */
		14E19A391D60EF100030B366 /* Build configuration list for PBXProject "proxy" */ = {
			isa = XCConfigurationList;
			buildConfigurations = (
				14E19A511D60EF100030B366 /* Debug */,
				14E19A521D60EF100030B366 /* Release */,
			);
			defaultConfigurationIsVisible = 0;
			defaultConfigurationName = Release;
		};
		14E19A531D60EF100030B366 /* Build configuration list for PBXNativeTarget "proxy" */ = {
			isa = XCConfigurationList;
			buildConfigurations = (
				14E19A541D60EF100030B366 /* Debug */,
				14E19A551D60EF100030B366 /* Release */,
			);
			defaultConfigurationIsVisible = 0;
			defaultConfigurationName = Release;
		};
/* End XCConfigurationList section */
	};
	rootObject = 14E19A361D60EF100030B366 /* Project object */;
}
