// !$*UTF8*$!
{
	archiveVersion = 1;
	classes = {
	};
	objectVersion = 48;
	objects = {

/* Begin PBXBuildFile section */
		59033F0C1F83BFD100F3062D /* ProxyManaging.swift in Sources */ = {isa = PBXBuildFile; fileRef = 59033F0B1F83BFD100F3062D /* ProxyManaging.swift */; };
		590441EB1F98351E0015CE16 /* ConvosViewController.swift in Sources */ = {isa = PBXBuildFile; fileRef = 590441EA1F98351E0015CE16 /* ConvosViewController.swift */; };
		590823C31F9EED6A00A3B6A9 /* IconPickerCollectionViewCell.xib in Resources */ = {isa = PBXBuildFile; fileRef = 590823C21F9EED6A00A3B6A9 /* IconPickerCollectionViewCell.xib */; };
		590823C51F9EF6DA00A3B6A9 /* ProxyService.swift in Sources */ = {isa = PBXBuildFile; fileRef = 590823C41F9EF6DA00A3B6A9 /* ProxyService.swift */; };
		591413161FEC5873001A2A70 /* IconManaging.swift in Sources */ = {isa = PBXBuildFile; fileRef = 591413151FEC5873001A2A70 /* IconManaging.swift */; };
		591413181FEC58C1001A2A70 /* IconManager.swift in Sources */ = {isa = PBXBuildFile; fileRef = 591413171FEC58C1001A2A70 /* IconManager.swift */; };
		5914131A1FEC622E001A2A70 /* IconObserver.swift in Sources */ = {isa = PBXBuildFile; fileRef = 591413191FEC622E001A2A70 /* IconObserver.swift */; };
		59155AB61F7B7951001EDDD0 /* ConvosButtonManager.swift in Sources */ = {isa = PBXBuildFile; fileRef = 59155AB51F7B7951001EDDD0 /* ConvosButtonManager.swift */; };
		591E305C1FF8259C00094EB3 /* UnreadMessageRemovedObserver.swift in Sources */ = {isa = PBXBuildFile; fileRef = 591E305B1FF8259C00094EB3 /* UnreadMessageRemovedObserver.swift */; };
		591E305E1FF9729C00094EB3 /* CommonDBTests.swift in Sources */ = {isa = PBXBuildFile; fileRef = 591E305D1FF9729C00094EB3 /* CommonDBTests.swift */; };
		5926A3791F9A7D83004544AE /* MakeNewMessageDelegate.swift in Sources */ = {isa = PBXBuildFile; fileRef = 5926A3781F9A7D83004544AE /* MakeNewMessageDelegate.swift */; };
		592C0DE81F8E598B0023DB02 /* ItemsToDeleteManaging.swift in Sources */ = {isa = PBXBuildFile; fileRef = 592C0DE71F8E598B0023DB02 /* ItemsToDeleteManaging.swift */; };
		592C0DEA1F8E59B50023DB02 /* ItemsToDeleteManager.swift in Sources */ = {isa = PBXBuildFile; fileRef = 592C0DE91F8E59B50023DB02 /* ItemsToDeleteManager.swift */; };
		592F2FF71F7BEB85001DC85C /* AuthManaging.swift in Sources */ = {isa = PBXBuildFile; fileRef = 592F2FF61F7BEB85001DC85C /* AuthManaging.swift */; };
		593D7D421F851E6900D3FBD5 /* MessagesReceivedCountManaging.swift in Sources */ = {isa = PBXBuildFile; fileRef = 593D7D411F851E6900D3FBD5 /* MessagesReceivedCountManaging.swift */; };
		593D7D441F851F7D00D3FBD5 /* MessagesReceivedCountManager.swift in Sources */ = {isa = PBXBuildFile; fileRef = 593D7D431F851F7D00D3FBD5 /* MessagesReceivedCountManager.swift */; };
		593D7D461F85246900D3FBD5 /* MessagesSentCountManaging.swift in Sources */ = {isa = PBXBuildFile; fileRef = 593D7D451F85246900D3FBD5 /* MessagesSentCountManaging.swift */; };
		593D7D481F8528B800D3FBD5 /* MessagesSentCountManager.swift in Sources */ = {isa = PBXBuildFile; fileRef = 593D7D471F8528B700D3FBD5 /* MessagesSentCountManager.swift */; };
		593D7D4A1F8529EB00D3FBD5 /* ProxiesInteractedManaging.swift in Sources */ = {isa = PBXBuildFile; fileRef = 593D7D491F8529EB00D3FBD5 /* ProxiesInteractedManaging.swift */; };
		593D7D4C1F852A5000D3FBD5 /* ProxiesInteractedWithCountManager.swift in Sources */ = {isa = PBXBuildFile; fileRef = 593D7D4B1F852A5000D3FBD5 /* ProxiesInteractedWithCountManager.swift */; };
		5949F5831F63331B004597A0 /* SenderPickerTableViewDelegate.swift in Sources */ = {isa = PBXBuildFile; fileRef = 5949F5821F63331B004597A0 /* SenderPickerTableViewDelegate.swift */; };
		594D2A501F6B0CDD00ECCF06 /* IconPickerCollectionViewDataSource.swift in Sources */ = {isa = PBXBuildFile; fileRef = 594D2A4F1F6B0CDD00ECCF06 /* IconPickerCollectionViewDataSource.swift */; };
		594D2A521F6B167F00ECCF06 /* IconPickerCollectionViewDelegate.swift in Sources */ = {isa = PBXBuildFile; fileRef = 594D2A511F6B167F00ECCF06 /* IconPickerCollectionViewDelegate.swift */; };
		5954AE181F9A4E95004A351F /* ProxiesTableViewCell.xib in Resources */ = {isa = PBXBuildFile; fileRef = 5954AE171F9A4E95004A351F /* ProxiesTableViewCell.xib */; };
		5958D5061F6C140100B07B0F /* MessagesSentObserver.swift in Sources */ = {isa = PBXBuildFile; fileRef = 5958D5051F6C140100B07B0F /* MessagesSentObserver.swift */; };
		5958D5081F6C15EA00B07B0F /* ProxiesInteractedWithObserver.swift in Sources */ = {isa = PBXBuildFile; fileRef = 5958D5071F6C15EA00B07B0F /* ProxiesInteractedWithObserver.swift */; };
		5958D50A1F6C18B600B07B0F /* MeTableViewDelegate.swift in Sources */ = {isa = PBXBuildFile; fileRef = 5958D5091F6C18B600B07B0F /* MeTableViewDelegate.swift */; };
		5958E34A1F9D5E8D00CC0560 /* SenderProxyTableViewCell.xib in Resources */ = {isa = PBXBuildFile; fileRef = 5958E3491F9D5E8D00CC0560 /* SenderProxyTableViewCell.xib */; };
		5962575A1FD6ED7E00C87E2A /* ProxyOwner.swift in Sources */ = {isa = PBXBuildFile; fileRef = 596257591FD6ED7E00C87E2A /* ProxyOwner.swift */; };
		596D7FD41F62EC1100E6AF8D /* ProxiesTableViewDelegate.swift in Sources */ = {isa = PBXBuildFile; fileRef = 596D7FD31F62EC1100E6AF8D /* ProxiesTableViewDelegate.swift */; };
		5973C8101F60844A00647492 /* GoogleService-Info.plist in Resources */ = {isa = PBXBuildFile; fileRef = 5973C80F1F60840F00647492 /* GoogleService-Info.plist */; };
		5973C8111F60844A00647492 /* GoogleService-Info.plist in Resources */ = {isa = PBXBuildFile; fileRef = 5973C80F1F60840F00647492 /* GoogleService-Info.plist */; };
		5973C8121F60844B00647492 /* GoogleService-Info.plist in Resources */ = {isa = PBXBuildFile; fileRef = 5973C80F1F60840F00647492 /* GoogleService-Info.plist */; };
		5973C8481F608A2200647492 /* ProxyObserver.swift in Sources */ = {isa = PBXBuildFile; fileRef = 5973C8141F608A1A00647492 /* ProxyObserver.swift */; };
		5973C8491F608A2200647492 /* DBConvo.swift in Sources */ = {isa = PBXBuildFile; fileRef = 5973C8151F608A1A00647492 /* DBConvo.swift */; };
		5973C84A1F608A2200647492 /* ConvosTableViewCell.swift in Sources */ = {isa = PBXBuildFile; fileRef = 5973C8161F608A1A00647492 /* ConvosTableViewCell.swift */; };
		5973C84B1F608A2200647492 /* DBUser.swift in Sources */ = {isa = PBXBuildFile; fileRef = 5973C8171F608A1A00647492 /* DBUser.swift */; };
		5973C84C1F608A2200647492 /* NSDate+NVTimeAgo.m in Sources */ = {isa = PBXBuildFile; fileRef = 5973C8181F608A1A00647492 /* NSDate+NVTimeAgo.m */; };
		5973C8511F608A2200647492 /* ProxyError.swift in Sources */ = {isa = PBXBuildFile; fileRef = 5973C81D1F608A1B00647492 /* ProxyError.swift */; };
		5973C8531F608A2200647492 /* ConvoDetailReceiverProxyTableViewCell.swift in Sources */ = {isa = PBXBuildFile; fileRef = 5973C81F1F608A1B00647492 /* ConvoDetailReceiverProxyTableViewCell.swift */; };
		5973C8541F608A2200647492 /* ProxyTableViewDataSource.swift in Sources */ = {isa = PBXBuildFile; fileRef = 5973C8201F608A1B00647492 /* ProxyTableViewDataSource.swift */; };
		5973C8561F608A2200647492 /* LoginViewController.swift in Sources */ = {isa = PBXBuildFile; fileRef = 5973C8221F608A1B00647492 /* LoginViewController.swift */; };
		5973C8571F608A2200647492 /* MakeNewMessageViewController.swift in Sources */ = {isa = PBXBuildFile; fileRef = 5973C8231F608A1C00647492 /* MakeNewMessageViewController.swift */; };
		5973C8581F608A2200647492 /* ConvosTableViewDataSource.swift in Sources */ = {isa = PBXBuildFile; fileRef = 5973C8241F608A1C00647492 /* ConvosTableViewDataSource.swift */; };
		5973C85A1F608A2200647492 /* ProxiesTableViewCell.swift in Sources */ = {isa = PBXBuildFile; fileRef = 5973C8261F608A1C00647492 /* ProxiesTableViewCell.swift */; };
		5973C85B1F608A2200647492 /* DBProxy.swift in Sources */ = {isa = PBXBuildFile; fileRef = 5973C8271F608A1C00647492 /* DBProxy.swift */; };
		5973C85D1F608A2200647492 /* Common.swift in Sources */ = {isa = PBXBuildFile; fileRef = 5973C8291F608A1C00647492 /* Common.swift */; };
		5973C85E1F608A2200647492 /* SenderProxyTableViewCell.swift in Sources */ = {isa = PBXBuildFile; fileRef = 5973C82B1F608A1D00647492 /* SenderProxyTableViewCell.swift */; };
		5973C85F1F608A2200647492 /* IconPickerViewController.swift in Sources */ = {isa = PBXBuildFile; fileRef = 5973C82C1F608A1D00647492 /* IconPickerViewController.swift */; };
		5973C8601F608A2200647492 /* MeTableViewCell.swift in Sources */ = {isa = PBXBuildFile; fileRef = 5973C82D1F608A1D00647492 /* MeTableViewCell.swift */; };
		5973C8611F608A2200647492 /* DB.swift in Sources */ = {isa = PBXBuildFile; fileRef = 5973C82E1F608A1D00647492 /* DB.swift */; };
		5973C8621F608A2200647492 /* ProxiesObserver.swift in Sources */ = {isa = PBXBuildFile; fileRef = 5973C82F1F608A1D00647492 /* ProxiesObserver.swift */; };
		5973C8631F608A2200647492 /* ProxiesTableViewDataSource.swift in Sources */ = {isa = PBXBuildFile; fileRef = 5973C8301F608A1D00647492 /* ProxiesTableViewDataSource.swift */; };
		5973C8641F608A2200647492 /* ProxiesViewController.swift in Sources */ = {isa = PBXBuildFile; fileRef = 5973C8311F608A1D00647492 /* ProxiesViewController.swift */; };
		5973C8651F608A2200647492 /* Proxy.swift in Sources */ = {isa = PBXBuildFile; fileRef = 5973C8321F608A1E00647492 /* Proxy.swift */; };
		5973C8671F608A2200647492 /* IconPickerCollectionViewCell.swift in Sources */ = {isa = PBXBuildFile; fileRef = 5973C8341F608A1E00647492 /* IconPickerCollectionViewCell.swift */; };
		5973C8681F608A2200647492 /* ProxyViewController.swift in Sources */ = {isa = PBXBuildFile; fileRef = 5973C8351F608A1E00647492 /* ProxyViewController.swift */; };
		5973C8691F608A2200647492 /* makeNouns.swift in Sources */ = {isa = PBXBuildFile; fileRef = 5973C8361F608A1F00647492 /* makeNouns.swift */; };
		5973C86B1F608A2200647492 /* Convo.swift in Sources */ = {isa = PBXBuildFile; fileRef = 5973C8381F608A1F00647492 /* Convo.swift */; };
		5973C86C1F608A2200647492 /* LoginService.swift in Sources */ = {isa = PBXBuildFile; fileRef = 5973C8391F608A1F00647492 /* LoginService.swift */; };
		5973C86E1F608A2200647492 /* DBMessage.swift in Sources */ = {isa = PBXBuildFile; fileRef = 5973C83B1F608A2000647492 /* DBMessage.swift */; };
		5973C8701F608A2200647492 /* ConvosObserver.swift in Sources */ = {isa = PBXBuildFile; fileRef = 5973C83D1F608A2000647492 /* ConvosObserver.swift */; };
		5973C8721F608A2200647492 /* Constant.swift in Sources */ = {isa = PBXBuildFile; fileRef = 5973C83F1F608A2000647492 /* Constant.swift */; };
		5973C8751F608A2200647492 /* makeIconNames.swift in Sources */ = {isa = PBXBuildFile; fileRef = 5973C8421F608A2100647492 /* makeIconNames.swift */; };
		5973C8761F608A2200647492 /* MeViewController.swift in Sources */ = {isa = PBXBuildFile; fileRef = 5973C8431F608A2100647492 /* MeViewController.swift */; };
		5973C8771F608A2200647492 /* SenderPickerViewController.swift in Sources */ = {isa = PBXBuildFile; fileRef = 5973C8441F608A2100647492 /* SenderPickerViewController.swift */; };
		5973C8781F608A2200647492 /* ButtonManaging.swift in Sources */ = {isa = PBXBuildFile; fileRef = 5973C8451F608A2100647492 /* ButtonManaging.swift */; };
		5973C8791F608A2200647492 /* makeAdjectives.swift in Sources */ = {isa = PBXBuildFile; fileRef = 5973C8461F608A2100647492 /* makeAdjectives.swift */; };
		5973C87A1F608A2200647492 /* AuthObserver.swift in Sources */ = {isa = PBXBuildFile; fileRef = 5973C8471F608A2200647492 /* AuthObserver.swift */; };
		5973C8841F608A4E00647492 /* DBTests.swift in Sources */ = {isa = PBXBuildFile; fileRef = 5973C87B1F608A4D00647492 /* DBTests.swift */; };
		5973C8861F608A4E00647492 /* DBConvoTests.swift in Sources */ = {isa = PBXBuildFile; fileRef = 5973C87D1F608A4D00647492 /* DBConvoTests.swift */; };
		5973C8871F608A4E00647492 /* DBMessageTests.swift in Sources */ = {isa = PBXBuildFile; fileRef = 5973C87E1F608A4D00647492 /* DBMessageTests.swift */; };
		5973C8891F608A4E00647492 /* CommonTests.swift in Sources */ = {isa = PBXBuildFile; fileRef = 5973C8801F608A4E00647492 /* CommonTests.swift */; };
		5973C88A1F608A4E00647492 /* DBTest.swift in Sources */ = {isa = PBXBuildFile; fileRef = 5973C8811F608A4E00647492 /* DBTest.swift */; };
		5973C88C1F608A4E00647492 /* DBProxyTests.swift in Sources */ = {isa = PBXBuildFile; fileRef = 5973C8831F608A4E00647492 /* DBProxyTests.swift */; };
		598420511FEA598300855647 /* Message.swift in Sources */ = {isa = PBXBuildFile; fileRef = 598420501FEA598300855647 /* Message.swift */; };
		5988E8321F9A5A7E002C8C95 /* ConvosTableViewCell.xib in Resources */ = {isa = PBXBuildFile; fileRef = 5988E8311F9A5A7E002C8C95 /* ConvosTableViewCell.xib */; };
		5988E8341F9A5EF9002C8C95 /* MeTableViewCell.xib in Resources */ = {isa = PBXBuildFile; fileRef = 5988E8331F9A5EF9002C8C95 /* MeTableViewCell.xib */; };
		598F89EA1FEB120600CCF024 /* ConvoDataSource.swift in Sources */ = {isa = PBXBuildFile; fileRef = 598F89E91FEB120600CCF024 /* ConvoDataSource.swift */; };
		598F89EC1FEB12E000CCF024 /* MessagesManager.swift in Sources */ = {isa = PBXBuildFile; fileRef = 598F89EB1FEB12E000CCF024 /* MessagesManager.swift */; };
		598F89EE1FEB131600CCF024 /* MessagesManaging.swift in Sources */ = {isa = PBXBuildFile; fileRef = 598F89ED1FEB131600CCF024 /* MessagesManaging.swift */; };
		598F89F01FEB141800CCF024 /* MessagesObserver.swift in Sources */ = {isa = PBXBuildFile; fileRef = 598F89EF1FEB141800CCF024 /* MessagesObserver.swift */; };
		598F89F21FEB273200CCF024 /* ConvoInputBarDelegate.swift in Sources */ = {isa = PBXBuildFile; fileRef = 598F89F11FEB273200CCF024 /* ConvoInputBarDelegate.swift */; };
		598F89F41FEB311A00CCF024 /* ConvoDisplayDelegate.swift in Sources */ = {isa = PBXBuildFile; fileRef = 598F89F31FEB311A00CCF024 /* ConvoDisplayDelegate.swift */; };
		598F89F61FEB345400CCF024 /* ConvoLayoutDelegate.swift in Sources */ = {isa = PBXBuildFile; fileRef = 598F89F51FEB345400CCF024 /* ConvoLayoutDelegate.swift */; };
		598F89FE1FEB401200CCF024 /* ConvoDetailViewController.swift in Sources */ = {isa = PBXBuildFile; fileRef = 598F89FD1FEB401200CCF024 /* ConvoDetailViewController.swift */; };
		598F8A5A1FEB501400CCF024 /* ConvoDetailSenderProxyTableViewCell.xib in Resources */ = {isa = PBXBuildFile; fileRef = 598F8A591FEB501400CCF024 /* ConvoDetailSenderProxyTableViewCell.xib */; };
		598F8A5C1FEB55C100CCF024 /* ConvoDetailTableViewDataSource.swift in Sources */ = {isa = PBXBuildFile; fileRef = 598F8A5B1FEB55C100CCF024 /* ConvoDetailTableViewDataSource.swift */; };
		598F8A5E1FEB624A00CCF024 /* ConvoDetailTableViewDelegate.swift in Sources */ = {isa = PBXBuildFile; fileRef = 598F8A5D1FEB624A00CCF024 /* ConvoDetailTableViewDelegate.swift */; };
		598F8A621FEB9A9700CCF024 /* ConvoObserver.swift in Sources */ = {isa = PBXBuildFile; fileRef = 598F8A611FEB9A9700CCF024 /* ConvoObserver.swift */; };
		598F8A641FEB9ADD00CCF024 /* ConvoManaging.swift in Sources */ = {isa = PBXBuildFile; fileRef = 598F8A631FEB9ADD00CCF024 /* ConvoManaging.swift */; };
		598F8A661FEB9B2300CCF024 /* ConvoManager.swift in Sources */ = {isa = PBXBuildFile; fileRef = 598F8A651FEB9B2300CCF024 /* ConvoManager.swift */; };
		599B8D411F98610C002F394A /* AppDelegate.swift in Sources */ = {isa = PBXBuildFile; fileRef = 599B8D401F98610C002F394A /* AppDelegate.swift */; };
		59AC04B61F6BFCFD00DB580B /* MessagesReceivedObserver.swift in Sources */ = {isa = PBXBuildFile; fileRef = 59AC04B51F6BFCFD00DB580B /* MessagesReceivedObserver.swift */; };
		59AC04B81F6C049100DB580B /* MeTableViewDataSource.swift in Sources */ = {isa = PBXBuildFile; fileRef = 59AC04B71F6C049100DB580B /* MeTableViewDataSource.swift */; };
		59AF0E7C1F7B5129009F6F38 /* ProxiesButtonManager.swift in Sources */ = {isa = PBXBuildFile; fileRef = 59AF0E7B1F7B5129009F6F38 /* ProxiesButtonManager.swift */; };
		59B432E51F60648400622DEA /* Main.storyboard in Resources */ = {isa = PBXBuildFile; fileRef = 59B432E31F60648400622DEA /* Main.storyboard */; };
		59B432E71F60648400622DEA /* Assets.xcassets in Resources */ = {isa = PBXBuildFile; fileRef = 59B432E61F60648400622DEA /* Assets.xcassets */; };
		59B432EA1F60648400622DEA /* LaunchScreen.storyboard in Resources */ = {isa = PBXBuildFile; fileRef = 59B432E81F60648400622DEA /* LaunchScreen.storyboard */; };
		59B5007D1F6A3469002D4C29 /* ReceiverPicker.swift in Sources */ = {isa = PBXBuildFile; fileRef = 59B5007C1F6A3469002D4C29 /* ReceiverPicker.swift */; };
		59B7CC6C1F638A2A0063D137 /* ReferenceObserving.swift in Sources */ = {isa = PBXBuildFile; fileRef = 59B7CC6B1F638A2A0063D137 /* ReferenceObserving.swift */; };
		59B90C1F1FF340F700449569 /* UnreadMessagesManaging.swift in Sources */ = {isa = PBXBuildFile; fileRef = 59B90C1E1FF340F700449569 /* UnreadMessagesManaging.swift */; };
		59B90C211FF3411E00449569 /* UnreadMessagesManager.swift in Sources */ = {isa = PBXBuildFile; fileRef = 59B90C201FF3411E00449569 /* UnreadMessagesManager.swift */; };
		59B90C231FF341AE00449569 /* UnreadMessageAddedObserver.swift in Sources */ = {isa = PBXBuildFile; fileRef = 59B90C221FF341AE00449569 /* UnreadMessageAddedObserver.swift */; };
		59BAB2DC1F7A7FB200A2B581 /* ConvosManaging.swift in Sources */ = {isa = PBXBuildFile; fileRef = 59BAB2DB1F7A7FB200A2B581 /* ConvosManaging.swift */; };
		59C171B11F60C64500EDE032 /* arabiangulf.mp4 in Resources */ = {isa = PBXBuildFile; fileRef = 59C171AD1F60C64400EDE032 /* arabiangulf.mp4 */; };
		59C171B21F60C64500EDE032 /* beachpalm.mp4 in Resources */ = {isa = PBXBuildFile; fileRef = 59C171AE1F60C64400EDE032 /* beachpalm.mp4 */; };
		59C171B31F60C64500EDE032 /* dragontailzipline.mp4 in Resources */ = {isa = PBXBuildFile; fileRef = 59C171AF1F60C64500EDE032 /* dragontailzipline.mp4 */; };
		59C171B41F60C64500EDE032 /* hawaiiancoast.mp4 in Resources */ = {isa = PBXBuildFile; fileRef = 59C171B01F60C64500EDE032 /* hawaiiancoast.mp4 */; };
		59D3AE501FA1A4FF009F18A5 /* ConvoDetailReceiverProxyTableViewCell.xib in Resources */ = {isa = PBXBuildFile; fileRef = 59D3AE4F1FA1A4FF009F18A5 /* ConvoDetailReceiverProxyTableViewCell.xib */; };
		59D5F9351F7B173800FD5670 /* ProxiesManaging.swift in Sources */ = {isa = PBXBuildFile; fileRef = 59D5F9341F7B173800FD5670 /* ProxiesManaging.swift */; };
		59DCE5FC1F65FCC900AC9CEC /* ProxyTableViewDelegate.swift in Sources */ = {isa = PBXBuildFile; fileRef = 59DCE5FB1F65FCC900AC9CEC /* ProxyTableViewDelegate.swift */; };
		59DDF43B1F6AB2F100D4E239 /* ConvosTableViewDelegate.swift in Sources */ = {isa = PBXBuildFile; fileRef = 59DDF43A1F6AB2F100D4E239 /* ConvosTableViewDelegate.swift */; };
		59DECF5F1FEA56AD009ABB36 /* ConvoViewController.swift in Sources */ = {isa = PBXBuildFile; fileRef = 59DECF5E1FEA56AD009ABB36 /* ConvoViewController.swift */; };
		59E75B2A1F846F140033A407 /* ConvosManager.swift in Sources */ = {isa = PBXBuildFile; fileRef = 59E75B291F846F140033A407 /* ConvosManager.swift */; };
		59E75B2E1F846F550033A407 /* ProxiesManager.swift in Sources */ = {isa = PBXBuildFile; fileRef = 59E75B2D1F846F550033A407 /* ProxiesManager.swift */; };
		59E75B301F846F6B0033A407 /* ProxyManager.swift in Sources */ = {isa = PBXBuildFile; fileRef = 59E75B2F1F846F6B0033A407 /* ProxyManager.swift */; };
		59EC6F591F9C0552009D7A6C /* SenderPickerDelegate.swift in Sources */ = {isa = PBXBuildFile; fileRef = 59EC6F581F9C0552009D7A6C /* SenderPickerDelegate.swift */; };
		59EC6F5D1F9D22EA009D7A6C /* StoryboardMakable.swift in Sources */ = {isa = PBXBuildFile; fileRef = 59EC6F5C1F9D22EA009D7A6C /* StoryboardMakable.swift */; };
		59FF373D1F97984200FA1AF0 /* AuthManager.swift in Sources */ = {isa = PBXBuildFile; fileRef = 59FF373C1F97984200FA1AF0 /* AuthManager.swift */; };
		59FF37421F97A6AA00FA1AF0 /* TabBarController.swift in Sources */ = {isa = PBXBuildFile; fileRef = 59FF37411F97A6AA00FA1AF0 /* TabBarController.swift */; };
		9F0C2E94B3D2ACDB881894D0 /* Pods_ProxyTests.framework in Frameworks */ = {isa = PBXBuildFile; fileRef = 677A1D9397BD6DC3C3277EF9 /* Pods_ProxyTests.framework */; };
		B63EEE9998BB7F5B134BDEC0 /* Pods_ProxyUITests.framework in Frameworks */ = {isa = PBXBuildFile; fileRef = C400879BD437927EB6BE4FFF /* Pods_ProxyUITests.framework */; };
		F2B2CA19F2DB777FA6238258 /* Pods_Proxy.framework in Frameworks */ = {isa = PBXBuildFile; fileRef = FF71924192AC74DD367E5BCE /* Pods_Proxy.framework */; };
/* End PBXBuildFile section */

/* Begin PBXContainerItemProxy section */
		59B432F11F60648400622DEA /* PBXContainerItemProxy */ = {
			isa = PBXContainerItemProxy;
			containerPortal = 59B432D41F60648400622DEA /* Project object */;
			proxyType = 1;
			remoteGlobalIDString = 59B432DB1F60648400622DEA;
			remoteInfo = Proxy;
		};
		59B432FC1F60648400622DEA /* PBXContainerItemProxy */ = {
			isa = PBXContainerItemProxy;
			containerPortal = 59B432D41F60648400622DEA /* Project object */;
			proxyType = 1;
			remoteGlobalIDString = 59B432DB1F60648400622DEA;
			remoteInfo = Proxy;
		};
/* End PBXContainerItemProxy section */

/* Begin PBXFileReference section */
		3BAAA6C3B4320D57BE4DCA56 /* Pods-ProxyTests.debug.xcconfig */ = {isa = PBXFileReference; includeInIndex = 1; lastKnownFileType = text.xcconfig; name = "Pods-ProxyTests.debug.xcconfig"; path = "Pods/Target Support Files/Pods-ProxyTests/Pods-ProxyTests.debug.xcconfig"; sourceTree = "<group>"; };
		59033F0B1F83BFD100F3062D /* ProxyManaging.swift */ = {isa = PBXFileReference; lastKnownFileType = sourcecode.swift; path = ProxyManaging.swift; sourceTree = "<group>"; };
		590441EA1F98351E0015CE16 /* ConvosViewController.swift */ = {isa = PBXFileReference; lastKnownFileType = sourcecode.swift; path = ConvosViewController.swift; sourceTree = "<group>"; };
		590823C21F9EED6A00A3B6A9 /* IconPickerCollectionViewCell.xib */ = {isa = PBXFileReference; lastKnownFileType = file.xib; path = IconPickerCollectionViewCell.xib; sourceTree = "<group>"; };
		590823C41F9EF6DA00A3B6A9 /* ProxyService.swift */ = {isa = PBXFileReference; lastKnownFileType = sourcecode.swift; path = ProxyService.swift; sourceTree = "<group>"; };
		591413151FEC5873001A2A70 /* IconManaging.swift */ = {isa = PBXFileReference; lastKnownFileType = sourcecode.swift; path = IconManaging.swift; sourceTree = "<group>"; };
		591413171FEC58C1001A2A70 /* IconManager.swift */ = {isa = PBXFileReference; lastKnownFileType = sourcecode.swift; path = IconManager.swift; sourceTree = "<group>"; };
		591413191FEC622E001A2A70 /* IconObserver.swift */ = {isa = PBXFileReference; lastKnownFileType = sourcecode.swift; path = IconObserver.swift; sourceTree = "<group>"; };
		59155AB51F7B7951001EDDD0 /* ConvosButtonManager.swift */ = {isa = PBXFileReference; lastKnownFileType = sourcecode.swift; path = ConvosButtonManager.swift; sourceTree = "<group>"; };
		591E305B1FF8259C00094EB3 /* UnreadMessageRemovedObserver.swift */ = {isa = PBXFileReference; lastKnownFileType = sourcecode.swift; path = UnreadMessageRemovedObserver.swift; sourceTree = "<group>"; };
		591E305D1FF9729C00094EB3 /* CommonDBTests.swift */ = {isa = PBXFileReference; lastKnownFileType = sourcecode.swift; path = CommonDBTests.swift; sourceTree = "<group>"; };
		5926A3781F9A7D83004544AE /* MakeNewMessageDelegate.swift */ = {isa = PBXFileReference; lastKnownFileType = sourcecode.swift; path = MakeNewMessageDelegate.swift; sourceTree = "<group>"; };
		592C0DE71F8E598B0023DB02 /* ItemsToDeleteManaging.swift */ = {isa = PBXFileReference; lastKnownFileType = sourcecode.swift; path = ItemsToDeleteManaging.swift; sourceTree = "<group>"; };
		592C0DE91F8E59B50023DB02 /* ItemsToDeleteManager.swift */ = {isa = PBXFileReference; lastKnownFileType = sourcecode.swift; path = ItemsToDeleteManager.swift; sourceTree = "<group>"; };
		592F2FF61F7BEB85001DC85C /* AuthManaging.swift */ = {isa = PBXFileReference; lastKnownFileType = sourcecode.swift; path = AuthManaging.swift; sourceTree = "<group>"; };
		593D7D411F851E6900D3FBD5 /* MessagesReceivedCountManaging.swift */ = {isa = PBXFileReference; lastKnownFileType = sourcecode.swift; path = MessagesReceivedCountManaging.swift; sourceTree = "<group>"; };
		593D7D431F851F7D00D3FBD5 /* MessagesReceivedCountManager.swift */ = {isa = PBXFileReference; lastKnownFileType = sourcecode.swift; path = MessagesReceivedCountManager.swift; sourceTree = "<group>"; };
		593D7D451F85246900D3FBD5 /* MessagesSentCountManaging.swift */ = {isa = PBXFileReference; lastKnownFileType = sourcecode.swift; path = MessagesSentCountManaging.swift; sourceTree = "<group>"; };
		593D7D471F8528B700D3FBD5 /* MessagesSentCountManager.swift */ = {isa = PBXFileReference; lastKnownFileType = sourcecode.swift; path = MessagesSentCountManager.swift; sourceTree = "<group>"; };
		593D7D491F8529EB00D3FBD5 /* ProxiesInteractedManaging.swift */ = {isa = PBXFileReference; lastKnownFileType = sourcecode.swift; path = ProxiesInteractedManaging.swift; sourceTree = "<group>"; };
		593D7D4B1F852A5000D3FBD5 /* ProxiesInteractedWithCountManager.swift */ = {isa = PBXFileReference; lastKnownFileType = sourcecode.swift; path = ProxiesInteractedWithCountManager.swift; sourceTree = "<group>"; };
		5949F5821F63331B004597A0 /* SenderPickerTableViewDelegate.swift */ = {isa = PBXFileReference; lastKnownFileType = sourcecode.swift; path = SenderPickerTableViewDelegate.swift; sourceTree = "<group>"; };
		594D2A4F1F6B0CDD00ECCF06 /* IconPickerCollectionViewDataSource.swift */ = {isa = PBXFileReference; lastKnownFileType = sourcecode.swift; path = IconPickerCollectionViewDataSource.swift; sourceTree = "<group>"; };
		594D2A511F6B167F00ECCF06 /* IconPickerCollectionViewDelegate.swift */ = {isa = PBXFileReference; lastKnownFileType = sourcecode.swift; path = IconPickerCollectionViewDelegate.swift; sourceTree = "<group>"; };
		5954AE171F9A4E95004A351F /* ProxiesTableViewCell.xib */ = {isa = PBXFileReference; lastKnownFileType = file.xib; name = ProxiesTableViewCell.xib; path = Proxy/View/ProxiesTableViewCell.xib; sourceTree = SOURCE_ROOT; };
		5958D5051F6C140100B07B0F /* MessagesSentObserver.swift */ = {isa = PBXFileReference; lastKnownFileType = sourcecode.swift; path = MessagesSentObserver.swift; sourceTree = "<group>"; };
		5958D5071F6C15EA00B07B0F /* ProxiesInteractedWithObserver.swift */ = {isa = PBXFileReference; lastKnownFileType = sourcecode.swift; path = ProxiesInteractedWithObserver.swift; sourceTree = "<group>"; };
		5958D5091F6C18B600B07B0F /* MeTableViewDelegate.swift */ = {isa = PBXFileReference; lastKnownFileType = sourcecode.swift; path = MeTableViewDelegate.swift; sourceTree = "<group>"; };
		5958E3491F9D5E8D00CC0560 /* SenderProxyTableViewCell.xib */ = {isa = PBXFileReference; lastKnownFileType = file.xib; path = SenderProxyTableViewCell.xib; sourceTree = "<group>"; };
		596257591FD6ED7E00C87E2A /* ProxyOwner.swift */ = {isa = PBXFileReference; lastKnownFileType = sourcecode.swift; path = ProxyOwner.swift; sourceTree = "<group>"; };
		596D7FD31F62EC1100E6AF8D /* ProxiesTableViewDelegate.swift */ = {isa = PBXFileReference; lastKnownFileType = sourcecode.swift; path = ProxiesTableViewDelegate.swift; sourceTree = "<group>"; };
		5973C80F1F60840F00647492 /* GoogleService-Info.plist */ = {isa = PBXFileReference; lastKnownFileType = text.plist.xml; path = "GoogleService-Info.plist"; sourceTree = "<group>"; };
		5973C8131F608A1A00647492 /* NSDate+NVTimeAgo.h */ = {isa = PBXFileReference; fileEncoding = 4; lastKnownFileType = sourcecode.c.h; path = "NSDate+NVTimeAgo.h"; sourceTree = "<group>"; };
		5973C8141F608A1A00647492 /* ProxyObserver.swift */ = {isa = PBXFileReference; fileEncoding = 4; lastKnownFileType = sourcecode.swift; path = ProxyObserver.swift; sourceTree = "<group>"; };
		5973C8151F608A1A00647492 /* DBConvo.swift */ = {isa = PBXFileReference; fileEncoding = 4; lastKnownFileType = sourcecode.swift; path = DBConvo.swift; sourceTree = "<group>"; };
		5973C8161F608A1A00647492 /* ConvosTableViewCell.swift */ = {isa = PBXFileReference; fileEncoding = 4; lastKnownFileType = sourcecode.swift; path = ConvosTableViewCell.swift; sourceTree = "<group>"; };
		5973C8171F608A1A00647492 /* DBUser.swift */ = {isa = PBXFileReference; fileEncoding = 4; lastKnownFileType = sourcecode.swift; path = DBUser.swift; sourceTree = "<group>"; };
		5973C8181F608A1A00647492 /* NSDate+NVTimeAgo.m */ = {isa = PBXFileReference; fileEncoding = 4; lastKnownFileType = sourcecode.c.objc; path = "NSDate+NVTimeAgo.m"; sourceTree = "<group>"; };
		5973C81D1F608A1B00647492 /* ProxyError.swift */ = {isa = PBXFileReference; fileEncoding = 4; lastKnownFileType = sourcecode.swift; path = ProxyError.swift; sourceTree = "<group>"; };
		5973C81F1F608A1B00647492 /* ConvoDetailReceiverProxyTableViewCell.swift */ = {isa = PBXFileReference; fileEncoding = 4; lastKnownFileType = sourcecode.swift; path = ConvoDetailReceiverProxyTableViewCell.swift; sourceTree = "<group>"; };
		5973C8201F608A1B00647492 /* ProxyTableViewDataSource.swift */ = {isa = PBXFileReference; fileEncoding = 4; lastKnownFileType = sourcecode.swift; path = ProxyTableViewDataSource.swift; sourceTree = "<group>"; };
		5973C8221F608A1B00647492 /* LoginViewController.swift */ = {isa = PBXFileReference; fileEncoding = 4; lastKnownFileType = sourcecode.swift; path = LoginViewController.swift; sourceTree = "<group>"; };
		5973C8231F608A1C00647492 /* MakeNewMessageViewController.swift */ = {isa = PBXFileReference; fileEncoding = 4; lastKnownFileType = sourcecode.swift; path = MakeNewMessageViewController.swift; sourceTree = "<group>"; };
		5973C8241F608A1C00647492 /* ConvosTableViewDataSource.swift */ = {isa = PBXFileReference; fileEncoding = 4; lastKnownFileType = sourcecode.swift; path = ConvosTableViewDataSource.swift; sourceTree = "<group>"; };
		5973C8261F608A1C00647492 /* ProxiesTableViewCell.swift */ = {isa = PBXFileReference; fileEncoding = 4; lastKnownFileType = sourcecode.swift; path = ProxiesTableViewCell.swift; sourceTree = "<group>"; };
		5973C8271F608A1C00647492 /* DBProxy.swift */ = {isa = PBXFileReference; fileEncoding = 4; lastKnownFileType = sourcecode.swift; path = DBProxy.swift; sourceTree = "<group>"; };
		5973C8291F608A1C00647492 /* Common.swift */ = {isa = PBXFileReference; fileEncoding = 4; lastKnownFileType = sourcecode.swift; path = Common.swift; sourceTree = "<group>"; };
		5973C82B1F608A1D00647492 /* SenderProxyTableViewCell.swift */ = {isa = PBXFileReference; fileEncoding = 4; lastKnownFileType = sourcecode.swift; path = SenderProxyTableViewCell.swift; sourceTree = "<group>"; };
		5973C82C1F608A1D00647492 /* IconPickerViewController.swift */ = {isa = PBXFileReference; fileEncoding = 4; lastKnownFileType = sourcecode.swift; path = IconPickerViewController.swift; sourceTree = "<group>"; };
		5973C82D1F608A1D00647492 /* MeTableViewCell.swift */ = {isa = PBXFileReference; fileEncoding = 4; lastKnownFileType = sourcecode.swift; path = MeTableViewCell.swift; sourceTree = "<group>"; };
		5973C82E1F608A1D00647492 /* DB.swift */ = {isa = PBXFileReference; fileEncoding = 4; lastKnownFileType = sourcecode.swift; path = DB.swift; sourceTree = "<group>"; };
		5973C82F1F608A1D00647492 /* ProxiesObserver.swift */ = {isa = PBXFileReference; fileEncoding = 4; lastKnownFileType = sourcecode.swift; path = ProxiesObserver.swift; sourceTree = "<group>"; };
		5973C8301F608A1D00647492 /* ProxiesTableViewDataSource.swift */ = {isa = PBXFileReference; fileEncoding = 4; lastKnownFileType = sourcecode.swift; path = ProxiesTableViewDataSource.swift; sourceTree = "<group>"; };
		5973C8311F608A1D00647492 /* ProxiesViewController.swift */ = {isa = PBXFileReference; fileEncoding = 4; lastKnownFileType = sourcecode.swift; path = ProxiesViewController.swift; sourceTree = "<group>"; };
		5973C8321F608A1E00647492 /* Proxy.swift */ = {isa = PBXFileReference; fileEncoding = 4; lastKnownFileType = sourcecode.swift; path = Proxy.swift; sourceTree = "<group>"; };
		5973C8341F608A1E00647492 /* IconPickerCollectionViewCell.swift */ = {isa = PBXFileReference; fileEncoding = 4; lastKnownFileType = sourcecode.swift; path = IconPickerCollectionViewCell.swift; sourceTree = "<group>"; };
		5973C8351F608A1E00647492 /* ProxyViewController.swift */ = {isa = PBXFileReference; fileEncoding = 4; lastKnownFileType = sourcecode.swift; path = ProxyViewController.swift; sourceTree = "<group>"; };
		5973C8361F608A1F00647492 /* makeNouns.swift */ = {isa = PBXFileReference; fileEncoding = 4; lastKnownFileType = sourcecode.swift; path = makeNouns.swift; sourceTree = "<group>"; };
		5973C8381F608A1F00647492 /* Convo.swift */ = {isa = PBXFileReference; fileEncoding = 4; lastKnownFileType = sourcecode.swift; path = Convo.swift; sourceTree = "<group>"; };
		5973C8391F608A1F00647492 /* LoginService.swift */ = {isa = PBXFileReference; fileEncoding = 4; lastKnownFileType = sourcecode.swift; path = LoginService.swift; sourceTree = "<group>"; };
		5973C83B1F608A2000647492 /* DBMessage.swift */ = {isa = PBXFileReference; fileEncoding = 4; lastKnownFileType = sourcecode.swift; path = DBMessage.swift; sourceTree = "<group>"; };
		5973C83D1F608A2000647492 /* ConvosObserver.swift */ = {isa = PBXFileReference; fileEncoding = 4; lastKnownFileType = sourcecode.swift; path = ConvosObserver.swift; sourceTree = "<group>"; };
		5973C83F1F608A2000647492 /* Constant.swift */ = {isa = PBXFileReference; fileEncoding = 4; lastKnownFileType = sourcecode.swift; path = Constant.swift; sourceTree = "<group>"; };
		5973C8421F608A2100647492 /* makeIconNames.swift */ = {isa = PBXFileReference; fileEncoding = 4; lastKnownFileType = sourcecode.swift; path = makeIconNames.swift; sourceTree = "<group>"; };
		5973C8431F608A2100647492 /* MeViewController.swift */ = {isa = PBXFileReference; fileEncoding = 4; lastKnownFileType = sourcecode.swift; path = MeViewController.swift; sourceTree = "<group>"; };
		5973C8441F608A2100647492 /* SenderPickerViewController.swift */ = {isa = PBXFileReference; fileEncoding = 4; lastKnownFileType = sourcecode.swift; path = SenderPickerViewController.swift; sourceTree = "<group>"; };
		5973C8451F608A2100647492 /* ButtonManaging.swift */ = {isa = PBXFileReference; fileEncoding = 4; lastKnownFileType = sourcecode.swift; path = ButtonManaging.swift; sourceTree = "<group>"; };
		5973C8461F608A2100647492 /* makeAdjectives.swift */ = {isa = PBXFileReference; fileEncoding = 4; lastKnownFileType = sourcecode.swift; path = makeAdjectives.swift; sourceTree = "<group>"; };
		5973C8471F608A2200647492 /* AuthObserver.swift */ = {isa = PBXFileReference; fileEncoding = 4; lastKnownFileType = sourcecode.swift; path = AuthObserver.swift; sourceTree = "<group>"; };
		5973C87B1F608A4D00647492 /* DBTests.swift */ = {isa = PBXFileReference; fileEncoding = 4; lastKnownFileType = sourcecode.swift; path = DBTests.swift; sourceTree = "<group>"; };
		5973C87D1F608A4D00647492 /* DBConvoTests.swift */ = {isa = PBXFileReference; fileEncoding = 4; lastKnownFileType = sourcecode.swift; path = DBConvoTests.swift; sourceTree = "<group>"; };
		5973C87E1F608A4D00647492 /* DBMessageTests.swift */ = {isa = PBXFileReference; fileEncoding = 4; lastKnownFileType = sourcecode.swift; path = DBMessageTests.swift; sourceTree = "<group>"; };
		5973C8801F608A4E00647492 /* CommonTests.swift */ = {isa = PBXFileReference; fileEncoding = 4; lastKnownFileType = sourcecode.swift; path = CommonTests.swift; sourceTree = "<group>"; };
		5973C8811F608A4E00647492 /* DBTest.swift */ = {isa = PBXFileReference; fileEncoding = 4; lastKnownFileType = sourcecode.swift; path = DBTest.swift; sourceTree = "<group>"; };
		5973C8831F608A4E00647492 /* DBProxyTests.swift */ = {isa = PBXFileReference; fileEncoding = 4; lastKnownFileType = sourcecode.swift; path = DBProxyTests.swift; sourceTree = "<group>"; };
		598420501FEA598300855647 /* Message.swift */ = {isa = PBXFileReference; lastKnownFileType = sourcecode.swift; path = Message.swift; sourceTree = "<group>"; };
		5988E8311F9A5A7E002C8C95 /* ConvosTableViewCell.xib */ = {isa = PBXFileReference; lastKnownFileType = file.xib; path = ConvosTableViewCell.xib; sourceTree = "<group>"; };
		5988E8331F9A5EF9002C8C95 /* MeTableViewCell.xib */ = {isa = PBXFileReference; lastKnownFileType = file.xib; path = MeTableViewCell.xib; sourceTree = "<group>"; };
		598F89E91FEB120600CCF024 /* ConvoDataSource.swift */ = {isa = PBXFileReference; lastKnownFileType = sourcecode.swift; path = ConvoDataSource.swift; sourceTree = "<group>"; };
		598F89EB1FEB12E000CCF024 /* MessagesManager.swift */ = {isa = PBXFileReference; lastKnownFileType = sourcecode.swift; path = MessagesManager.swift; sourceTree = "<group>"; };
		598F89ED1FEB131600CCF024 /* MessagesManaging.swift */ = {isa = PBXFileReference; lastKnownFileType = sourcecode.swift; path = MessagesManaging.swift; sourceTree = "<group>"; };
		598F89EF1FEB141800CCF024 /* MessagesObserver.swift */ = {isa = PBXFileReference; lastKnownFileType = sourcecode.swift; path = MessagesObserver.swift; sourceTree = "<group>"; };
		598F89F11FEB273200CCF024 /* ConvoInputBarDelegate.swift */ = {isa = PBXFileReference; lastKnownFileType = sourcecode.swift; path = ConvoInputBarDelegate.swift; sourceTree = "<group>"; };
		598F89F31FEB311A00CCF024 /* ConvoDisplayDelegate.swift */ = {isa = PBXFileReference; lastKnownFileType = sourcecode.swift; path = ConvoDisplayDelegate.swift; sourceTree = "<group>"; };
		598F89F51FEB345400CCF024 /* ConvoLayoutDelegate.swift */ = {isa = PBXFileReference; lastKnownFileType = sourcecode.swift; path = ConvoLayoutDelegate.swift; sourceTree = "<group>"; };
		598F89FD1FEB401200CCF024 /* ConvoDetailViewController.swift */ = {isa = PBXFileReference; lastKnownFileType = sourcecode.swift; path = ConvoDetailViewController.swift; sourceTree = "<group>"; };
		598F8A591FEB501400CCF024 /* ConvoDetailSenderProxyTableViewCell.xib */ = {isa = PBXFileReference; lastKnownFileType = file.xib; path = ConvoDetailSenderProxyTableViewCell.xib; sourceTree = "<group>"; };
		598F8A5B1FEB55C100CCF024 /* ConvoDetailTableViewDataSource.swift */ = {isa = PBXFileReference; lastKnownFileType = sourcecode.swift; path = ConvoDetailTableViewDataSource.swift; sourceTree = "<group>"; };
		598F8A5D1FEB624A00CCF024 /* ConvoDetailTableViewDelegate.swift */ = {isa = PBXFileReference; lastKnownFileType = sourcecode.swift; path = ConvoDetailTableViewDelegate.swift; sourceTree = "<group>"; };
		598F8A611FEB9A9700CCF024 /* ConvoObserver.swift */ = {isa = PBXFileReference; lastKnownFileType = sourcecode.swift; path = ConvoObserver.swift; sourceTree = "<group>"; };
		598F8A631FEB9ADD00CCF024 /* ConvoManaging.swift */ = {isa = PBXFileReference; lastKnownFileType = sourcecode.swift; path = ConvoManaging.swift; sourceTree = "<group>"; };
		598F8A651FEB9B2300CCF024 /* ConvoManager.swift */ = {isa = PBXFileReference; lastKnownFileType = sourcecode.swift; path = ConvoManager.swift; sourceTree = "<group>"; };
		599B8D401F98610C002F394A /* AppDelegate.swift */ = {isa = PBXFileReference; fileEncoding = 4; lastKnownFileType = sourcecode.swift; path = AppDelegate.swift; sourceTree = "<group>"; };
		59AC04B51F6BFCFD00DB580B /* MessagesReceivedObserver.swift */ = {isa = PBXFileReference; lastKnownFileType = sourcecode.swift; path = MessagesReceivedObserver.swift; sourceTree = "<group>"; };
		59AC04B71F6C049100DB580B /* MeTableViewDataSource.swift */ = {isa = PBXFileReference; lastKnownFileType = sourcecode.swift; path = MeTableViewDataSource.swift; sourceTree = "<group>"; };
		59AF0E7B1F7B5129009F6F38 /* ProxiesButtonManager.swift */ = {isa = PBXFileReference; lastKnownFileType = sourcecode.swift; path = ProxiesButtonManager.swift; sourceTree = "<group>"; };
		59B432DC1F60648400622DEA /* Proxy.app */ = {isa = PBXFileReference; explicitFileType = wrapper.application; includeInIndex = 0; path = Proxy.app; sourceTree = BUILT_PRODUCTS_DIR; };
		59B432E41F60648400622DEA /* Base */ = {isa = PBXFileReference; lastKnownFileType = file.storyboard; name = Base; path = Base.lproj/Main.storyboard; sourceTree = "<group>"; };
		59B432E61F60648400622DEA /* Assets.xcassets */ = {isa = PBXFileReference; lastKnownFileType = folder.assetcatalog; path = Assets.xcassets; sourceTree = "<group>"; };
		59B432E91F60648400622DEA /* Base */ = {isa = PBXFileReference; lastKnownFileType = file.storyboard; name = Base; path = Base.lproj/LaunchScreen.storyboard; sourceTree = "<group>"; };
		59B432EB1F60648400622DEA /* Info.plist */ = {isa = PBXFileReference; lastKnownFileType = text.plist.xml; path = Info.plist; sourceTree = "<group>"; };
		59B432F01F60648400622DEA /* ProxyTests.xctest */ = {isa = PBXFileReference; explicitFileType = wrapper.cfbundle; includeInIndex = 0; path = ProxyTests.xctest; sourceTree = BUILT_PRODUCTS_DIR; };
		59B432F61F60648400622DEA /* Info.plist */ = {isa = PBXFileReference; lastKnownFileType = text.plist.xml; path = Info.plist; sourceTree = "<group>"; };
		59B432FB1F60648400622DEA /* ProxyUITests.xctest */ = {isa = PBXFileReference; explicitFileType = wrapper.cfbundle; includeInIndex = 0; path = ProxyUITests.xctest; sourceTree = BUILT_PRODUCTS_DIR; };
		59B433011F60648400622DEA /* Info.plist */ = {isa = PBXFileReference; lastKnownFileType = text.plist.xml; path = Info.plist; sourceTree = "<group>"; };
		59B433AD1F60807400622DEA /* Proxy-Bridging-Header.h */ = {isa = PBXFileReference; lastKnownFileType = sourcecode.c.h; path = "Proxy-Bridging-Header.h"; sourceTree = "<group>"; };
		59B5007C1F6A3469002D4C29 /* ReceiverPicker.swift */ = {isa = PBXFileReference; lastKnownFileType = sourcecode.swift; path = ReceiverPicker.swift; sourceTree = "<group>"; };
		59B7CC6B1F638A2A0063D137 /* ReferenceObserving.swift */ = {isa = PBXFileReference; lastKnownFileType = sourcecode.swift; path = ReferenceObserving.swift; sourceTree = "<group>"; };
		59B90C1E1FF340F700449569 /* UnreadMessagesManaging.swift */ = {isa = PBXFileReference; lastKnownFileType = sourcecode.swift; path = UnreadMessagesManaging.swift; sourceTree = "<group>"; };
		59B90C201FF3411E00449569 /* UnreadMessagesManager.swift */ = {isa = PBXFileReference; lastKnownFileType = sourcecode.swift; path = UnreadMessagesManager.swift; sourceTree = "<group>"; };
		59B90C221FF341AE00449569 /* UnreadMessageAddedObserver.swift */ = {isa = PBXFileReference; lastKnownFileType = sourcecode.swift; path = UnreadMessageAddedObserver.swift; sourceTree = "<group>"; };
		59BAB2DB1F7A7FB200A2B581 /* ConvosManaging.swift */ = {isa = PBXFileReference; lastKnownFileType = sourcecode.swift; path = ConvosManaging.swift; sourceTree = "<group>"; };
		59C171AD1F60C64400EDE032 /* arabiangulf.mp4 */ = {isa = PBXFileReference; lastKnownFileType = file; path = arabiangulf.mp4; sourceTree = "<group>"; };
		59C171AE1F60C64400EDE032 /* beachpalm.mp4 */ = {isa = PBXFileReference; lastKnownFileType = file; path = beachpalm.mp4; sourceTree = "<group>"; };
		59C171AF1F60C64500EDE032 /* dragontailzipline.mp4 */ = {isa = PBXFileReference; lastKnownFileType = file; path = dragontailzipline.mp4; sourceTree = "<group>"; };
		59C171B01F60C64500EDE032 /* hawaiiancoast.mp4 */ = {isa = PBXFileReference; lastKnownFileType = file; path = hawaiiancoast.mp4; sourceTree = "<group>"; };
		59D3AE4F1FA1A4FF009F18A5 /* ConvoDetailReceiverProxyTableViewCell.xib */ = {isa = PBXFileReference; lastKnownFileType = file.xib; path = ConvoDetailReceiverProxyTableViewCell.xib; sourceTree = "<group>"; };
		59D5F9341F7B173800FD5670 /* ProxiesManaging.swift */ = {isa = PBXFileReference; lastKnownFileType = sourcecode.swift; path = ProxiesManaging.swift; sourceTree = "<group>"; };
		59DCE5FB1F65FCC900AC9CEC /* ProxyTableViewDelegate.swift */ = {isa = PBXFileReference; lastKnownFileType = sourcecode.swift; path = ProxyTableViewDelegate.swift; sourceTree = "<group>"; };
		59DDF43A1F6AB2F100D4E239 /* ConvosTableViewDelegate.swift */ = {isa = PBXFileReference; lastKnownFileType = sourcecode.swift; path = ConvosTableViewDelegate.swift; sourceTree = "<group>"; };
		59DECF5E1FEA56AD009ABB36 /* ConvoViewController.swift */ = {isa = PBXFileReference; lastKnownFileType = sourcecode.swift; path = ConvoViewController.swift; sourceTree = "<group>"; };
		59E75B291F846F140033A407 /* ConvosManager.swift */ = {isa = PBXFileReference; lastKnownFileType = sourcecode.swift; path = ConvosManager.swift; sourceTree = "<group>"; };
		59E75B2D1F846F550033A407 /* ProxiesManager.swift */ = {isa = PBXFileReference; lastKnownFileType = sourcecode.swift; path = ProxiesManager.swift; sourceTree = "<group>"; };
		59E75B2F1F846F6B0033A407 /* ProxyManager.swift */ = {isa = PBXFileReference; lastKnownFileType = sourcecode.swift; path = ProxyManager.swift; sourceTree = "<group>"; };
		59EC6F581F9C0552009D7A6C /* SenderPickerDelegate.swift */ = {isa = PBXFileReference; lastKnownFileType = sourcecode.swift; path = SenderPickerDelegate.swift; sourceTree = "<group>"; };
		59EC6F5C1F9D22EA009D7A6C /* StoryboardMakable.swift */ = {isa = PBXFileReference; lastKnownFileType = sourcecode.swift; path = StoryboardMakable.swift; sourceTree = "<group>"; };
		59FF373C1F97984200FA1AF0 /* AuthManager.swift */ = {isa = PBXFileReference; lastKnownFileType = sourcecode.swift; path = AuthManager.swift; sourceTree = "<group>"; };
		59FF37411F97A6AA00FA1AF0 /* TabBarController.swift */ = {isa = PBXFileReference; lastKnownFileType = sourcecode.swift; path = TabBarController.swift; sourceTree = "<group>"; };
		677A1D9397BD6DC3C3277EF9 /* Pods_ProxyTests.framework */ = {isa = PBXFileReference; explicitFileType = wrapper.framework; includeInIndex = 0; path = Pods_ProxyTests.framework; sourceTree = BUILT_PRODUCTS_DIR; };
		72952ACE9075AEFF00E792D4 /* Pods-ProxyUITests.release.xcconfig */ = {isa = PBXFileReference; includeInIndex = 1; lastKnownFileType = text.xcconfig; name = "Pods-ProxyUITests.release.xcconfig"; path = "Pods/Target Support Files/Pods-ProxyUITests/Pods-ProxyUITests.release.xcconfig"; sourceTree = "<group>"; };
		98C496244826E188C3B4E0DE /* Pods-ProxyTests.release.xcconfig */ = {isa = PBXFileReference; includeInIndex = 1; lastKnownFileType = text.xcconfig; name = "Pods-ProxyTests.release.xcconfig"; path = "Pods/Target Support Files/Pods-ProxyTests/Pods-ProxyTests.release.xcconfig"; sourceTree = "<group>"; };
		AEB2FC377DDBB1420707CD30 /* Pods-Proxy.release.xcconfig */ = {isa = PBXFileReference; includeInIndex = 1; lastKnownFileType = text.xcconfig; name = "Pods-Proxy.release.xcconfig"; path = "Pods/Target Support Files/Pods-Proxy/Pods-Proxy.release.xcconfig"; sourceTree = "<group>"; };
		C400879BD437927EB6BE4FFF /* Pods_ProxyUITests.framework */ = {isa = PBXFileReference; explicitFileType = wrapper.framework; includeInIndex = 0; path = Pods_ProxyUITests.framework; sourceTree = BUILT_PRODUCTS_DIR; };
		CE5D26021F4DC30946491473 /* Pods-ProxyUITests.debug.xcconfig */ = {isa = PBXFileReference; includeInIndex = 1; lastKnownFileType = text.xcconfig; name = "Pods-ProxyUITests.debug.xcconfig"; path = "Pods/Target Support Files/Pods-ProxyUITests/Pods-ProxyUITests.debug.xcconfig"; sourceTree = "<group>"; };
		FB56225B817DCBF58E66A328 /* Pods-Proxy.debug.xcconfig */ = {isa = PBXFileReference; includeInIndex = 1; lastKnownFileType = text.xcconfig; name = "Pods-Proxy.debug.xcconfig"; path = "Pods/Target Support Files/Pods-Proxy/Pods-Proxy.debug.xcconfig"; sourceTree = "<group>"; };
		FF71924192AC74DD367E5BCE /* Pods_Proxy.framework */ = {isa = PBXFileReference; explicitFileType = wrapper.framework; includeInIndex = 0; path = Pods_Proxy.framework; sourceTree = BUILT_PRODUCTS_DIR; };
/* End PBXFileReference section */

/* Begin PBXFrameworksBuildPhase section */
		59B432D91F60648400622DEA /* Frameworks */ = {
			isa = PBXFrameworksBuildPhase;
			buildActionMask = 2147483647;
			files = (
				F2B2CA19F2DB777FA6238258 /* Pods_Proxy.framework in Frameworks */,
			);
			runOnlyForDeploymentPostprocessing = 0;
		};
		59B432ED1F60648400622DEA /* Frameworks */ = {
			isa = PBXFrameworksBuildPhase;
			buildActionMask = 2147483647;
			files = (
				9F0C2E94B3D2ACDB881894D0 /* Pods_ProxyTests.framework in Frameworks */,
			);
			runOnlyForDeploymentPostprocessing = 0;
		};
		59B432F81F60648400622DEA /* Frameworks */ = {
			isa = PBXFrameworksBuildPhase;
			buildActionMask = 2147483647;
			files = (
				B63EEE9998BB7F5B134BDEC0 /* Pods_ProxyUITests.framework in Frameworks */,
			);
			runOnlyForDeploymentPostprocessing = 0;
		};
/* End PBXFrameworksBuildPhase section */

/* Begin PBXGroup section */
		37A3A60104279343931F281C /* Frameworks */ = {
			isa = PBXGroup;
			children = (
				FF71924192AC74DD367E5BCE /* Pods_Proxy.framework */,
				677A1D9397BD6DC3C3277EF9 /* Pods_ProxyTests.framework */,
				C400879BD437927EB6BE4FFF /* Pods_ProxyUITests.framework */,
			);
			name = Frameworks;
			sourceTree = "<group>";
		};
		5966076A1F977C1500874741 /* Controller */ = {
			isa = PBXGroup;
			children = (
				59DECF5E1FEA56AD009ABB36 /* ConvoViewController.swift */,
				598F89FD1FEB401200CCF024 /* ConvoDetailViewController.swift */,
				590441EA1F98351E0015CE16 /* ConvosViewController.swift */,
				5973C82C1F608A1D00647492 /* IconPickerViewController.swift */,
				5973C8221F608A1B00647492 /* LoginViewController.swift */,
				5973C8231F608A1C00647492 /* MakeNewMessageViewController.swift */,
				5973C8431F608A2100647492 /* MeViewController.swift */,
				5973C8311F608A1D00647492 /* ProxiesViewController.swift */,
				5973C8351F608A1E00647492 /* ProxyViewController.swift */,
				5973C8441F608A2100647492 /* SenderPickerViewController.swift */,
				59FF37411F97A6AA00FA1AF0 /* TabBarController.swift */,
			);
			path = Controller;
			sourceTree = "<group>";
		};
		5966076B1F977C3100874741 /* Model */ = {
			isa = PBXGroup;
			children = (
				5973C8381F608A1F00647492 /* Convo.swift */,
				598420501FEA598300855647 /* Message.swift */,
				5973C8321F608A1E00647492 /* Proxy.swift */,
				596257591FD6ED7E00C87E2A /* ProxyOwner.swift */,
			);
			path = Model;
			sourceTree = "<group>";
		};
		5966076C1F977CA300874741 /* Model Controller */ = {
			isa = PBXGroup;
			children = (
				5966076D1F977CB500874741 /* Database */,
				59D896A31F977D44008B3A05 /* Data Source */,
				59D896A21F977D2B008B3A05 /* Delegate */,
				59D896A41F977D70008B3A05 /* Manager */,
				59D896A51F977DB3008B3A05 /* Protocol */,
				59D896A61F977E49008B3A05 /* Observer */,
			);
			path = "Model Controller";
			sourceTree = "<group>";
		};
		5966076D1F977CB500874741 /* Database */ = {
			isa = PBXGroup;
			children = (
				5973C82E1F608A1D00647492 /* DB.swift */,
				5973C8151F608A1A00647492 /* DBConvo.swift */,
				5973C83B1F608A2000647492 /* DBMessage.swift */,
				5973C8271F608A1C00647492 /* DBProxy.swift */,
				5973C8171F608A1A00647492 /* DBUser.swift */,
			);
			path = Database;
			sourceTree = "<group>";
		};
		59B432D31F60648400622DEA = {
			isa = PBXGroup;
			children = (
				59B432DE1F60648400622DEA /* Proxy */,
				59B432F31F60648400622DEA /* ProxyTests */,
				59B432FE1F60648400622DEA /* ProxyUITests */,
				59B432DD1F60648400622DEA /* Products */,
				FD4F91054663754B0D196B1E /* Pods */,
				37A3A60104279343931F281C /* Frameworks */,
			);
			sourceTree = "<group>";
		};
		59B432DD1F60648400622DEA /* Products */ = {
			isa = PBXGroup;
			children = (
				59B432DC1F60648400622DEA /* Proxy.app */,
				59B432F01F60648400622DEA /* ProxyTests.xctest */,
				59B432FB1F60648400622DEA /* ProxyUITests.xctest */,
			);
			name = Products;
			sourceTree = "<group>";
		};
		59B432DE1F60648400622DEA /* Proxy */ = {
			isa = PBXGroup;
			children = (
				5966076A1F977C1500874741 /* Controller */,
				5966076B1F977C3100874741 /* Model */,
				5966076C1F977CA300874741 /* Model Controller */,
				59D896A81F977EEA008B3A05 /* Util */,
				59D896A71F977EC7008B3A05 /* View */,
				59D8D2B31F977F3500909572 /* Other */,
			);
			path = Proxy;
			sourceTree = "<group>";
		};
		59B432F31F60648400622DEA /* ProxyTests */ = {
			isa = PBXGroup;
			children = (
				5973C8801F608A4E00647492 /* CommonTests.swift */,
				591E305D1FF9729C00094EB3 /* CommonDBTests.swift */,
				5973C87D1F608A4D00647492 /* DBConvoTests.swift */,
				5973C87E1F608A4D00647492 /* DBMessageTests.swift */,
				5973C8831F608A4E00647492 /* DBProxyTests.swift */,
				5973C8811F608A4E00647492 /* DBTest.swift */,
				5973C87B1F608A4D00647492 /* DBTests.swift */,
				59B432F61F60648400622DEA /* Info.plist */,
			);
			path = ProxyTests;
			sourceTree = "<group>";
		};
		59B432FE1F60648400622DEA /* ProxyUITests */ = {
			isa = PBXGroup;
			children = (
				59B433011F60648400622DEA /* Info.plist */,
			);
			path = ProxyUITests;
			sourceTree = "<group>";
		};
		59C171B51F60C65000EDE032 /* Login Splash Videos */ = {
			isa = PBXGroup;
			children = (
				59C171AD1F60C64400EDE032 /* arabiangulf.mp4 */,
				59C171AE1F60C64400EDE032 /* beachpalm.mp4 */,
				59C171AF1F60C64500EDE032 /* dragontailzipline.mp4 */,
				59C171B01F60C64500EDE032 /* hawaiiancoast.mp4 */,
			);
			name = "Login Splash Videos";
			path = ..;
			sourceTree = "<group>";
		};
		59C6138E1F9F7EFE0014F414 /* Proxy Service */ = {
			isa = PBXGroup;
			children = (
				590823C41F9EF6DA00A3B6A9 /* ProxyService.swift */,
				5973C8421F608A2100647492 /* makeIconNames.swift */,
				5973C8461F608A2100647492 /* makeAdjectives.swift */,
				5973C8361F608A1F00647492 /* makeNouns.swift */,
			);
			path = "Proxy Service";
			sourceTree = "<group>";
		};
		59D896A21F977D2B008B3A05 /* Delegate */ = {
			isa = PBXGroup;
			children = (
				598F89F31FEB311A00CCF024 /* ConvoDisplayDelegate.swift */,
				598F89F11FEB273200CCF024 /* ConvoInputBarDelegate.swift */,
				598F89F51FEB345400CCF024 /* ConvoLayoutDelegate.swift */,
				598F8A5D1FEB624A00CCF024 /* ConvoDetailTableViewDelegate.swift */,
				59DDF43A1F6AB2F100D4E239 /* ConvosTableViewDelegate.swift */,
				594D2A511F6B167F00ECCF06 /* IconPickerCollectionViewDelegate.swift */,
				5958D5091F6C18B600B07B0F /* MeTableViewDelegate.swift */,
				596D7FD31F62EC1100E6AF8D /* ProxiesTableViewDelegate.swift */,
				59DCE5FB1F65FCC900AC9CEC /* ProxyTableViewDelegate.swift */,
				5949F5821F63331B004597A0 /* SenderPickerTableViewDelegate.swift */,
			);
			path = Delegate;
			sourceTree = "<group>";
		};
		59D896A31F977D44008B3A05 /* Data Source */ = {
			isa = PBXGroup;
			children = (
				598F89E91FEB120600CCF024 /* ConvoDataSource.swift */,
				598F8A5B1FEB55C100CCF024 /* ConvoDetailTableViewDataSource.swift */,
				5973C8241F608A1C00647492 /* ConvosTableViewDataSource.swift */,
				594D2A4F1F6B0CDD00ECCF06 /* IconPickerCollectionViewDataSource.swift */,
				59AC04B71F6C049100DB580B /* MeTableViewDataSource.swift */,
				5973C8201F608A1B00647492 /* ProxyTableViewDataSource.swift */,
				5973C8301F608A1D00647492 /* ProxiesTableViewDataSource.swift */,
			);
			path = "Data Source";
			sourceTree = "<group>";
		};
		59D896A41F977D70008B3A05 /* Manager */ = {
			isa = PBXGroup;
			children = (
				59FF373C1F97984200FA1AF0 /* AuthManager.swift */,
				598F8A651FEB9B2300CCF024 /* ConvoManager.swift */,
				59E75B291F846F140033A407 /* ConvosManager.swift */,
				59155AB51F7B7951001EDDD0 /* ConvosButtonManager.swift */,
				591413171FEC58C1001A2A70 /* IconManager.swift */,
				592C0DE91F8E59B50023DB02 /* ItemsToDeleteManager.swift */,
				598F89EB1FEB12E000CCF024 /* MessagesManager.swift */,
				593D7D431F851F7D00D3FBD5 /* MessagesReceivedCountManager.swift */,
				593D7D471F8528B700D3FBD5 /* MessagesSentCountManager.swift */,
				593D7D4B1F852A5000D3FBD5 /* ProxiesInteractedWithCountManager.swift */,
				59E75B2F1F846F6B0033A407 /* ProxyManager.swift */,
				59E75B2D1F846F550033A407 /* ProxiesManager.swift */,
				59AF0E7B1F7B5129009F6F38 /* ProxiesButtonManager.swift */,
				59B90C201FF3411E00449569 /* UnreadMessagesManager.swift */,
			);
			path = Manager;
			sourceTree = "<group>";
		};
		59D896A51F977DB3008B3A05 /* Protocol */ = {
			isa = PBXGroup;
			children = (
				592F2FF61F7BEB85001DC85C /* AuthManaging.swift */,
				5973C8451F608A2100647492 /* ButtonManaging.swift */,
				598F8A631FEB9ADD00CCF024 /* ConvoManaging.swift */,
				59BAB2DB1F7A7FB200A2B581 /* ConvosManaging.swift */,
				591413151FEC5873001A2A70 /* IconManaging.swift */,
				592C0DE71F8E598B0023DB02 /* ItemsToDeleteManaging.swift */,
				5926A3781F9A7D83004544AE /* MakeNewMessageDelegate.swift */,
				598F89ED1FEB131600CCF024 /* MessagesManaging.swift */,
				593D7D411F851E6900D3FBD5 /* MessagesReceivedCountManaging.swift */,
				593D7D451F85246900D3FBD5 /* MessagesSentCountManaging.swift */,
				593D7D491F8529EB00D3FBD5 /* ProxiesInteractedManaging.swift */,
				59033F0B1F83BFD100F3062D /* ProxyManaging.swift */,
				59D5F9341F7B173800FD5670 /* ProxiesManaging.swift */,
				59B7CC6B1F638A2A0063D137 /* ReferenceObserving.swift */,
				59EC6F581F9C0552009D7A6C /* SenderPickerDelegate.swift */,
				59EC6F5C1F9D22EA009D7A6C /* StoryboardMakable.swift */,
				59B90C1E1FF340F700449569 /* UnreadMessagesManaging.swift */,
			);
			path = Protocol;
			sourceTree = "<group>";
		};
		59D896A61F977E49008B3A05 /* Observer */ = {
			isa = PBXGroup;
			children = (
				5973C8471F608A2200647492 /* AuthObserver.swift */,
				598F8A611FEB9A9700CCF024 /* ConvoObserver.swift */,
				5973C83D1F608A2000647492 /* ConvosObserver.swift */,
				591413191FEC622E001A2A70 /* IconObserver.swift */,
				598F89EF1FEB141800CCF024 /* MessagesObserver.swift */,
				59AC04B51F6BFCFD00DB580B /* MessagesReceivedObserver.swift */,
				5958D5051F6C140100B07B0F /* MessagesSentObserver.swift */,
				5973C82F1F608A1D00647492 /* ProxiesObserver.swift */,
				5958D5071F6C15EA00B07B0F /* ProxiesInteractedWithObserver.swift */,
				5973C8141F608A1A00647492 /* ProxyObserver.swift */,
				59B90C221FF341AE00449569 /* UnreadMessageAddedObserver.swift */,
				591E305B1FF8259C00094EB3 /* UnreadMessageRemovedObserver.swift */,
			);
			path = Observer;
			sourceTree = "<group>";
		};
		59D896A71F977EC7008B3A05 /* View */ = {
			isa = PBXGroup;
			children = (
				59B432E31F60648400622DEA /* Main.storyboard */,
				5973C81F1F608A1B00647492 /* ConvoDetailReceiverProxyTableViewCell.swift */,
				59D3AE4F1FA1A4FF009F18A5 /* ConvoDetailReceiverProxyTableViewCell.xib */,
				598F8A591FEB501400CCF024 /* ConvoDetailSenderProxyTableViewCell.xib */,
				5973C8341F608A1E00647492 /* IconPickerCollectionViewCell.swift */,
				590823C21F9EED6A00A3B6A9 /* IconPickerCollectionViewCell.xib */,
				5973C82D1F608A1D00647492 /* MeTableViewCell.swift */,
				5988E8331F9A5EF9002C8C95 /* MeTableViewCell.xib */,
				5973C8161F608A1A00647492 /* ConvosTableViewCell.swift */,
				5988E8311F9A5A7E002C8C95 /* ConvosTableViewCell.xib */,
				5973C8261F608A1C00647492 /* ProxiesTableViewCell.swift */,
				5954AE171F9A4E95004A351F /* ProxiesTableViewCell.xib */,
				5973C82B1F608A1D00647492 /* SenderProxyTableViewCell.swift */,
				5958E3491F9D5E8D00CC0560 /* SenderProxyTableViewCell.xib */,
			);
			path = View;
			sourceTree = "<group>";
		};
		59D896A81F977EEA008B3A05 /* Util */ = {
			isa = PBXGroup;
			children = (
				59C6138E1F9F7EFE0014F414 /* Proxy Service */,
				5973C8291F608A1C00647492 /* Common.swift */,
				5973C83F1F608A2000647492 /* Constant.swift */,
				5973C8391F608A1F00647492 /* LoginService.swift */,
				5973C81D1F608A1B00647492 /* ProxyError.swift */,
				59B5007C1F6A3469002D4C29 /* ReceiverPicker.swift */,
				5973C8131F608A1A00647492 /* NSDate+NVTimeAgo.h */,
				5973C8181F608A1A00647492 /* NSDate+NVTimeAgo.m */,
			);
			path = Util;
			sourceTree = "<group>";
		};
		59D8D2B31F977F3500909572 /* Other */ = {
			isa = PBXGroup;
			children = (
				59C171B51F60C65000EDE032 /* Login Splash Videos */,
				59B432E61F60648400622DEA /* Assets.xcassets */,
				599B8D401F98610C002F394A /* AppDelegate.swift */,
				59B432EB1F60648400622DEA /* Info.plist */,
				5973C80F1F60840F00647492 /* GoogleService-Info.plist */,
				59B432E81F60648400622DEA /* LaunchScreen.storyboard */,
				59B433AD1F60807400622DEA /* Proxy-Bridging-Header.h */,
			);
			path = Other;
			sourceTree = "<group>";
		};
		FD4F91054663754B0D196B1E /* Pods */ = {
			isa = PBXGroup;
			children = (
				FB56225B817DCBF58E66A328 /* Pods-Proxy.debug.xcconfig */,
				AEB2FC377DDBB1420707CD30 /* Pods-Proxy.release.xcconfig */,
				3BAAA6C3B4320D57BE4DCA56 /* Pods-ProxyTests.debug.xcconfig */,
				98C496244826E188C3B4E0DE /* Pods-ProxyTests.release.xcconfig */,
				CE5D26021F4DC30946491473 /* Pods-ProxyUITests.debug.xcconfig */,
				72952ACE9075AEFF00E792D4 /* Pods-ProxyUITests.release.xcconfig */,
			);
			name = Pods;
			sourceTree = "<group>";
		};
/* End PBXGroup section */

/* Begin PBXNativeTarget section */
		59B432DB1F60648400622DEA /* Proxy */ = {
			isa = PBXNativeTarget;
			buildConfigurationList = 59B433041F60648400622DEA /* Build configuration list for PBXNativeTarget "Proxy" */;
			buildPhases = (
				CF0A894290F59AD0853834A3 /* [CP] Check Pods Manifest.lock */,
				59B432D81F60648400622DEA /* Sources */,
				59B432D91F60648400622DEA /* Frameworks */,
				59B432DA1F60648400622DEA /* Resources */,
				CF00DBAC666EBCFC05EE87FE /* [CP] Embed Pods Frameworks */,
				F470B4295EF919880155E08E /* [CP] Copy Pods Resources */,
			);
			buildRules = (
			);
			dependencies = (
			);
			name = Proxy;
			productName = Proxy;
			productReference = 59B432DC1F60648400622DEA /* Proxy.app */;
			productType = "com.apple.product-type.application";
		};
		59B432EF1F60648400622DEA /* ProxyTests */ = {
			isa = PBXNativeTarget;
			buildConfigurationList = 59B433071F60648400622DEA /* Build configuration list for PBXNativeTarget "ProxyTests" */;
			buildPhases = (
				3FE4B3F89B5E80CDB1DE3630 /* [CP] Check Pods Manifest.lock */,
				59B432EC1F60648400622DEA /* Sources */,
				59B432ED1F60648400622DEA /* Frameworks */,
				59B432EE1F60648400622DEA /* Resources */,
				E2B7F8195648FD6D43D45572 /* [CP] Embed Pods Frameworks */,
				4926FF9FEE49567FF64EA329 /* [CP] Copy Pods Resources */,
			);
			buildRules = (
			);
			dependencies = (
				59B432F21F60648400622DEA /* PBXTargetDependency */,
			);
			name = ProxyTests;
			productName = ProxyTests;
			productReference = 59B432F01F60648400622DEA /* ProxyTests.xctest */;
			productType = "com.apple.product-type.bundle.unit-test";
		};
		59B432FA1F60648400622DEA /* ProxyUITests */ = {
			isa = PBXNativeTarget;
			buildConfigurationList = 59B4330A1F60648400622DEA /* Build configuration list for PBXNativeTarget "ProxyUITests" */;
			buildPhases = (
				B23B4C1543CC1ED09DE92681 /* [CP] Check Pods Manifest.lock */,
				59B432F71F60648400622DEA /* Sources */,
				59B432F81F60648400622DEA /* Frameworks */,
				59B432F91F60648400622DEA /* Resources */,
				D74B25596C62F22F3B5A5D1B /* [CP] Embed Pods Frameworks */,
				E8B098AFC2830FF703CEAE1B /* [CP] Copy Pods Resources */,
			);
			buildRules = (
			);
			dependencies = (
				59B432FD1F60648400622DEA /* PBXTargetDependency */,
			);
			name = ProxyUITests;
			productName = ProxyUITests;
			productReference = 59B432FB1F60648400622DEA /* ProxyUITests.xctest */;
			productType = "com.apple.product-type.bundle.ui-testing";
		};
/* End PBXNativeTarget section */

/* Begin PBXProject section */
		59B432D41F60648400622DEA /* Project object */ = {
			isa = PBXProject;
			attributes = {
				LastSwiftUpdateCheck = 0900;
				LastUpgradeCheck = 0900;
				ORGANIZATIONNAME = "Quan Vo";
				TargetAttributes = {
					59B432DB1F60648400622DEA = {
						CreatedOnToolsVersion = 9.0;
						LastSwiftMigration = 0900;
						ProvisioningStyle = Automatic;
					};
					59B432EF1F60648400622DEA = {
						CreatedOnToolsVersion = 9.0;
						LastSwiftMigration = 0900;
						ProvisioningStyle = Automatic;
						TestTargetID = 59B432DB1F60648400622DEA;
					};
					59B432FA1F60648400622DEA = {
						CreatedOnToolsVersion = 9.0;
						ProvisioningStyle = Automatic;
						TestTargetID = 59B432DB1F60648400622DEA;
					};
				};
			};
			buildConfigurationList = 59B432D71F60648400622DEA /* Build configuration list for PBXProject "Proxy" */;
			compatibilityVersion = "Xcode 8.0";
			developmentRegion = en;
			hasScannedForEncodings = 0;
			knownRegions = (
				en,
				Base,
			);
			mainGroup = 59B432D31F60648400622DEA;
			productRefGroup = 59B432DD1F60648400622DEA /* Products */;
			projectDirPath = "";
			projectRoot = "";
			targets = (
				59B432DB1F60648400622DEA /* Proxy */,
				59B432EF1F60648400622DEA /* ProxyTests */,
				59B432FA1F60648400622DEA /* ProxyUITests */,
			);
		};
/* End PBXProject section */

/* Begin PBXResourcesBuildPhase section */
		59B432DA1F60648400622DEA /* Resources */ = {
			isa = PBXResourcesBuildPhase;
			buildActionMask = 2147483647;
			files = (
				590823C31F9EED6A00A3B6A9 /* IconPickerCollectionViewCell.xib in Resources */,
				59C171B41F60C64500EDE032 /* hawaiiancoast.mp4 in Resources */,
				59C171B21F60C64500EDE032 /* beachpalm.mp4 in Resources */,
				5988E8341F9A5EF9002C8C95 /* MeTableViewCell.xib in Resources */,
				59B432EA1F60648400622DEA /* LaunchScreen.storyboard in Resources */,
				598F8A5A1FEB501400CCF024 /* ConvoDetailSenderProxyTableViewCell.xib in Resources */,
				5973C8101F60844A00647492 /* GoogleService-Info.plist in Resources */,
				5954AE181F9A4E95004A351F /* ProxiesTableViewCell.xib in Resources */,
				59C171B31F60C64500EDE032 /* dragontailzipline.mp4 in Resources */,
				59B432E71F60648400622DEA /* Assets.xcassets in Resources */,
				59D3AE501FA1A4FF009F18A5 /* ConvoDetailReceiverProxyTableViewCell.xib in Resources */,
				59C171B11F60C64500EDE032 /* arabiangulf.mp4 in Resources */,
				59B432E51F60648400622DEA /* Main.storyboard in Resources */,
				5988E8321F9A5A7E002C8C95 /* ConvosTableViewCell.xib in Resources */,
				5958E34A1F9D5E8D00CC0560 /* SenderProxyTableViewCell.xib in Resources */,
			);
			runOnlyForDeploymentPostprocessing = 0;
		};
		59B432EE1F60648400622DEA /* Resources */ = {
			isa = PBXResourcesBuildPhase;
			buildActionMask = 2147483647;
			files = (
				5973C8111F60844A00647492 /* GoogleService-Info.plist in Resources */,
			);
			runOnlyForDeploymentPostprocessing = 0;
		};
		59B432F91F60648400622DEA /* Resources */ = {
			isa = PBXResourcesBuildPhase;
			buildActionMask = 2147483647;
			files = (
				5973C8121F60844B00647492 /* GoogleService-Info.plist in Resources */,
			);
			runOnlyForDeploymentPostprocessing = 0;
		};
/* End PBXResourcesBuildPhase section */

/* Begin PBXShellScriptBuildPhase section */
		3FE4B3F89B5E80CDB1DE3630 /* [CP] Check Pods Manifest.lock */ = {
			isa = PBXShellScriptBuildPhase;
			buildActionMask = 2147483647;
			files = (
			);
			inputPaths = (
				"${PODS_PODFILE_DIR_PATH}/Podfile.lock",
				"${PODS_ROOT}/Manifest.lock",
			);
			name = "[CP] Check Pods Manifest.lock";
			outputPaths = (
				"$(DERIVED_FILE_DIR)/Pods-ProxyTests-checkManifestLockResult.txt",
			);
			runOnlyForDeploymentPostprocessing = 0;
			shellPath = /bin/sh;
			shellScript = "diff \"${PODS_PODFILE_DIR_PATH}/Podfile.lock\" \"${PODS_ROOT}/Manifest.lock\" > /dev/null\nif [ $? != 0 ] ; then\n    # print error to STDERR\n    echo \"error: The sandbox is not in sync with the Podfile.lock. Run 'pod install' or update your CocoaPods installation.\" >&2\n    exit 1\nfi\n# This output is used by Xcode 'outputs' to avoid re-running this script phase.\necho \"SUCCESS\" > \"${SCRIPT_OUTPUT_FILE_0}\"\n";
			showEnvVarsInLog = 0;
		};
		4926FF9FEE49567FF64EA329 /* [CP] Copy Pods Resources */ = {
			isa = PBXShellScriptBuildPhase;
			buildActionMask = 2147483647;
			files = (
			);
			inputPaths = (
			);
			name = "[CP] Copy Pods Resources";
			outputPaths = (
			);
			runOnlyForDeploymentPostprocessing = 0;
			shellPath = /bin/sh;
			shellScript = "\"${SRCROOT}/Pods/Target Support Files/Pods-ProxyTests/Pods-ProxyTests-resources.sh\"\n";
			showEnvVarsInLog = 0;
		};
		B23B4C1543CC1ED09DE92681 /* [CP] Check Pods Manifest.lock */ = {
			isa = PBXShellScriptBuildPhase;
			buildActionMask = 2147483647;
			files = (
			);
			inputPaths = (
				"${PODS_PODFILE_DIR_PATH}/Podfile.lock",
				"${PODS_ROOT}/Manifest.lock",
			);
			name = "[CP] Check Pods Manifest.lock";
			outputPaths = (
				"$(DERIVED_FILE_DIR)/Pods-ProxyUITests-checkManifestLockResult.txt",
			);
			runOnlyForDeploymentPostprocessing = 0;
			shellPath = /bin/sh;
			shellScript = "diff \"${PODS_PODFILE_DIR_PATH}/Podfile.lock\" \"${PODS_ROOT}/Manifest.lock\" > /dev/null\nif [ $? != 0 ] ; then\n    # print error to STDERR\n    echo \"error: The sandbox is not in sync with the Podfile.lock. Run 'pod install' or update your CocoaPods installation.\" >&2\n    exit 1\nfi\n# This output is used by Xcode 'outputs' to avoid re-running this script phase.\necho \"SUCCESS\" > \"${SCRIPT_OUTPUT_FILE_0}\"\n";
			showEnvVarsInLog = 0;
		};
		CF00DBAC666EBCFC05EE87FE /* [CP] Embed Pods Frameworks */ = {
			isa = PBXShellScriptBuildPhase;
			buildActionMask = 2147483647;
			files = (
			);
			inputPaths = (
				"${SRCROOT}/Pods/Target Support Files/Pods-Proxy/Pods-Proxy-frameworks.sh",
				"${BUILT_PRODUCTS_DIR}/Bolts/Bolts.framework",
				"${BUILT_PRODUCTS_DIR}/FBSDKCoreKit/FBSDKCoreKit.framework",
				"${BUILT_PRODUCTS_DIR}/FBSDKLoginKit/FBSDKLoginKit.framework",
				"${BUILT_PRODUCTS_DIR}/FacebookCore/FacebookCore.framework",
				"${BUILT_PRODUCTS_DIR}/FacebookLogin/FacebookLogin.framework",
				"${BUILT_PRODUCTS_DIR}/GTMSessionFetcher/GTMSessionFetcher.framework",
				"${BUILT_PRODUCTS_DIR}/GoogleToolboxForMac/GoogleToolboxForMac.framework",
				"${BUILT_PRODUCTS_DIR}/GroupWork/GroupWork.framework",
				"${BUILT_PRODUCTS_DIR}/MessageKit/MessageKit.framework",
				"${BUILT_PRODUCTS_DIR}/SwiftVideoBackground/SwiftVideoBackground.framework",
				"${BUILT_PRODUCTS_DIR}/leveldb-library/leveldb.framework",
				"${BUILT_PRODUCTS_DIR}/nanopb/nanopb.framework",
			);
			name = "[CP] Embed Pods Frameworks";
			outputPaths = (
				"${TARGET_BUILD_DIR}/${FRAMEWORKS_FOLDER_PATH}/Bolts.framework",
				"${TARGET_BUILD_DIR}/${FRAMEWORKS_FOLDER_PATH}/FBSDKCoreKit.framework",
				"${TARGET_BUILD_DIR}/${FRAMEWORKS_FOLDER_PATH}/FBSDKLoginKit.framework",
				"${TARGET_BUILD_DIR}/${FRAMEWORKS_FOLDER_PATH}/FacebookCore.framework",
				"${TARGET_BUILD_DIR}/${FRAMEWORKS_FOLDER_PATH}/FacebookLogin.framework",
				"${TARGET_BUILD_DIR}/${FRAMEWORKS_FOLDER_PATH}/GTMSessionFetcher.framework",
				"${TARGET_BUILD_DIR}/${FRAMEWORKS_FOLDER_PATH}/GoogleToolboxForMac.framework",
				"${TARGET_BUILD_DIR}/${FRAMEWORKS_FOLDER_PATH}/GroupWork.framework",
				"${TARGET_BUILD_DIR}/${FRAMEWORKS_FOLDER_PATH}/MessageKit.framework",
				"${TARGET_BUILD_DIR}/${FRAMEWORKS_FOLDER_PATH}/SwiftVideoBackground.framework",
				"${TARGET_BUILD_DIR}/${FRAMEWORKS_FOLDER_PATH}/leveldb.framework",
				"${TARGET_BUILD_DIR}/${FRAMEWORKS_FOLDER_PATH}/nanopb.framework",
			);
			runOnlyForDeploymentPostprocessing = 0;
			shellPath = /bin/sh;
			shellScript = "\"${SRCROOT}/Pods/Target Support Files/Pods-Proxy/Pods-Proxy-frameworks.sh\"\n";
			showEnvVarsInLog = 0;
		};
		CF0A894290F59AD0853834A3 /* [CP] Check Pods Manifest.lock */ = {
			isa = PBXShellScriptBuildPhase;
			buildActionMask = 2147483647;
			files = (
			);
			inputPaths = (
				"${PODS_PODFILE_DIR_PATH}/Podfile.lock",
				"${PODS_ROOT}/Manifest.lock",
			);
			name = "[CP] Check Pods Manifest.lock";
			outputPaths = (
				"$(DERIVED_FILE_DIR)/Pods-Proxy-checkManifestLockResult.txt",
			);
			runOnlyForDeploymentPostprocessing = 0;
			shellPath = /bin/sh;
			shellScript = "diff \"${PODS_PODFILE_DIR_PATH}/Podfile.lock\" \"${PODS_ROOT}/Manifest.lock\" > /dev/null\nif [ $? != 0 ] ; then\n    # print error to STDERR\n    echo \"error: The sandbox is not in sync with the Podfile.lock. Run 'pod install' or update your CocoaPods installation.\" >&2\n    exit 1\nfi\n# This output is used by Xcode 'outputs' to avoid re-running this script phase.\necho \"SUCCESS\" > \"${SCRIPT_OUTPUT_FILE_0}\"\n";
			showEnvVarsInLog = 0;
		};
		D74B25596C62F22F3B5A5D1B /* [CP] Embed Pods Frameworks */ = {
			isa = PBXShellScriptBuildPhase;
			buildActionMask = 2147483647;
			files = (
			);
			inputPaths = (
			);
			name = "[CP] Embed Pods Frameworks";
			outputPaths = (
			);
			runOnlyForDeploymentPostprocessing = 0;
			shellPath = /bin/sh;
			shellScript = "\"${SRCROOT}/Pods/Target Support Files/Pods-ProxyUITests/Pods-ProxyUITests-frameworks.sh\"\n";
			showEnvVarsInLog = 0;
		};
		E2B7F8195648FD6D43D45572 /* [CP] Embed Pods Frameworks */ = {
			isa = PBXShellScriptBuildPhase;
			buildActionMask = 2147483647;
			files = (
			);
			inputPaths = (
				"${SRCROOT}/Pods/Target Support Files/Pods-ProxyTests/Pods-ProxyTests-frameworks.sh",
				"${BUILT_PRODUCTS_DIR}/Bolts/Bolts.framework",
				"${BUILT_PRODUCTS_DIR}/FBSDKCoreKit/FBSDKCoreKit.framework",
				"${BUILT_PRODUCTS_DIR}/FBSDKLoginKit/FBSDKLoginKit.framework",
				"${BUILT_PRODUCTS_DIR}/FacebookCore/FacebookCore.framework",
				"${BUILT_PRODUCTS_DIR}/FacebookLogin/FacebookLogin.framework",
				"${BUILT_PRODUCTS_DIR}/GTMSessionFetcher/GTMSessionFetcher.framework",
				"${BUILT_PRODUCTS_DIR}/GoogleToolboxForMac/GoogleToolboxForMac.framework",
				"${BUILT_PRODUCTS_DIR}/GroupWork/GroupWork.framework",
				"${BUILT_PRODUCTS_DIR}/MessageKit/MessageKit.framework",
				"${BUILT_PRODUCTS_DIR}/SwiftVideoBackground/SwiftVideoBackground.framework",
				"${BUILT_PRODUCTS_DIR}/leveldb-library/leveldb.framework",
				"${BUILT_PRODUCTS_DIR}/nanopb/nanopb.framework",
			);
			name = "[CP] Embed Pods Frameworks";
			outputPaths = (
				"${TARGET_BUILD_DIR}/${FRAMEWORKS_FOLDER_PATH}/Bolts.framework",
				"${TARGET_BUILD_DIR}/${FRAMEWORKS_FOLDER_PATH}/FBSDKCoreKit.framework",
				"${TARGET_BUILD_DIR}/${FRAMEWORKS_FOLDER_PATH}/FBSDKLoginKit.framework",
				"${TARGET_BUILD_DIR}/${FRAMEWORKS_FOLDER_PATH}/FacebookCore.framework",
				"${TARGET_BUILD_DIR}/${FRAMEWORKS_FOLDER_PATH}/FacebookLogin.framework",
				"${TARGET_BUILD_DIR}/${FRAMEWORKS_FOLDER_PATH}/GTMSessionFetcher.framework",
				"${TARGET_BUILD_DIR}/${FRAMEWORKS_FOLDER_PATH}/GoogleToolboxForMac.framework",
				"${TARGET_BUILD_DIR}/${FRAMEWORKS_FOLDER_PATH}/GroupWork.framework",
				"${TARGET_BUILD_DIR}/${FRAMEWORKS_FOLDER_PATH}/MessageKit.framework",
				"${TARGET_BUILD_DIR}/${FRAMEWORKS_FOLDER_PATH}/SwiftVideoBackground.framework",
				"${TARGET_BUILD_DIR}/${FRAMEWORKS_FOLDER_PATH}/leveldb.framework",
				"${TARGET_BUILD_DIR}/${FRAMEWORKS_FOLDER_PATH}/nanopb.framework",
			);
			runOnlyForDeploymentPostprocessing = 0;
			shellPath = /bin/sh;
			shellScript = "\"${SRCROOT}/Pods/Target Support Files/Pods-ProxyTests/Pods-ProxyTests-frameworks.sh\"\n";
			showEnvVarsInLog = 0;
		};
		E8B098AFC2830FF703CEAE1B /* [CP] Copy Pods Resources */ = {
			isa = PBXShellScriptBuildPhase;
			buildActionMask = 2147483647;
			files = (
			);
			inputPaths = (
			);
			name = "[CP] Copy Pods Resources";
			outputPaths = (
			);
			runOnlyForDeploymentPostprocessing = 0;
			shellPath = /bin/sh;
			shellScript = "\"${SRCROOT}/Pods/Target Support Files/Pods-ProxyUITests/Pods-ProxyUITests-resources.sh\"\n";
			showEnvVarsInLog = 0;
		};
		F470B4295EF919880155E08E /* [CP] Copy Pods Resources */ = {
			isa = PBXShellScriptBuildPhase;
			buildActionMask = 2147483647;
			files = (
			);
			inputPaths = (
			);
			name = "[CP] Copy Pods Resources";
			outputPaths = (
			);
			runOnlyForDeploymentPostprocessing = 0;
			shellPath = /bin/sh;
			shellScript = "\"${SRCROOT}/Pods/Target Support Files/Pods-Proxy/Pods-Proxy-resources.sh\"\n";
			showEnvVarsInLog = 0;
		};
/* End PBXShellScriptBuildPhase section */

/* Begin PBXSourcesBuildPhase section */
		59B432D81F60648400622DEA /* Sources */ = {
			isa = PBXSourcesBuildPhase;
			buildActionMask = 2147483647;
			files = (
				5973C8571F608A2200647492 /* MakeNewMessageViewController.swift in Sources */,
				594D2A501F6B0CDD00ECCF06 /* IconPickerCollectionViewDataSource.swift in Sources */,
				5973C8531F608A2200647492 /* ConvoDetailReceiverProxyTableViewCell.swift in Sources */,
				5958D5081F6C15EA00B07B0F /* ProxiesInteractedWithObserver.swift in Sources */,
				59B5007D1F6A3469002D4C29 /* ReceiverPicker.swift in Sources */,
				598F89F01FEB141800CCF024 /* MessagesObserver.swift in Sources */,
				5973C8651F608A2200647492 /* Proxy.swift in Sources */,
				5958D50A1F6C18B600B07B0F /* MeTableViewDelegate.swift in Sources */,
				59AC04B61F6BFCFD00DB580B /* MessagesReceivedObserver.swift in Sources */,
				5926A3791F9A7D83004544AE /* MakeNewMessageDelegate.swift in Sources */,
				5973C8481F608A2200647492 /* ProxyObserver.swift in Sources */,
				596D7FD41F62EC1100E6AF8D /* ProxiesTableViewDelegate.swift in Sources */,
				594D2A521F6B167F00ECCF06 /* IconPickerCollectionViewDelegate.swift in Sources */,
				598F89EA1FEB120600CCF024 /* ConvoDataSource.swift in Sources */,
				592C0DE81F8E598B0023DB02 /* ItemsToDeleteManaging.swift in Sources */,
				5914131A1FEC622E001A2A70 /* IconObserver.swift in Sources */,
				591E305C1FF8259C00094EB3 /* UnreadMessageRemovedObserver.swift in Sources */,
				598F8A5E1FEB624A00CCF024 /* ConvoDetailTableViewDelegate.swift in Sources */,
				599B8D411F98610C002F394A /* AppDelegate.swift in Sources */,
				59FF373D1F97984200FA1AF0 /* AuthManager.swift in Sources */,
				598F8A621FEB9A9700CCF024 /* ConvoObserver.swift in Sources */,
				593D7D421F851E6900D3FBD5 /* MessagesReceivedCountManaging.swift in Sources */,
				59BAB2DC1F7A7FB200A2B581 /* ConvosManaging.swift in Sources */,
				598F89EE1FEB131600CCF024 /* MessagesManaging.swift in Sources */,
				59E75B2E1F846F550033A407 /* ProxiesManager.swift in Sources */,
				592C0DEA1F8E59B50023DB02 /* ItemsToDeleteManager.swift in Sources */,
				59B90C231FF341AE00449569 /* UnreadMessageAddedObserver.swift in Sources */,
				5973C84C1F608A2200647492 /* NSDate+NVTimeAgo.m in Sources */,
				5973C8641F608A2200647492 /* ProxiesViewController.swift in Sources */,
				5949F5831F63331B004597A0 /* SenderPickerTableViewDelegate.swift in Sources */,
				5973C8491F608A2200647492 /* DBConvo.swift in Sources */,
				598F8A641FEB9ADD00CCF024 /* ConvoManaging.swift in Sources */,
				590823C51F9EF6DA00A3B6A9 /* ProxyService.swift in Sources */,
				5973C8581F608A2200647492 /* ConvosTableViewDataSource.swift in Sources */,
				598420511FEA598300855647 /* Message.swift in Sources */,
				5973C8671F608A2200647492 /* IconPickerCollectionViewCell.swift in Sources */,
				592F2FF71F7BEB85001DC85C /* AuthManaging.swift in Sources */,
				59EC6F591F9C0552009D7A6C /* SenderPickerDelegate.swift in Sources */,
				598F8A661FEB9B2300CCF024 /* ConvoManager.swift in Sources */,
				59D5F9351F7B173800FD5670 /* ProxiesManaging.swift in Sources */,
				59B7CC6C1F638A2A0063D137 /* ReferenceObserving.swift in Sources */,
				59E75B2A1F846F140033A407 /* ConvosManager.swift in Sources */,
				5973C8621F608A2200647492 /* ProxiesObserver.swift in Sources */,
				59AC04B81F6C049100DB580B /* MeTableViewDataSource.swift in Sources */,
				598F8A5C1FEB55C100CCF024 /* ConvoDetailTableViewDataSource.swift in Sources */,
				59EC6F5D1F9D22EA009D7A6C /* StoryboardMakable.swift in Sources */,
				59DECF5F1FEA56AD009ABB36 /* ConvoViewController.swift in Sources */,
				5973C8721F608A2200647492 /* Constant.swift in Sources */,
				591413161FEC5873001A2A70 /* IconManaging.swift in Sources */,
				598F89F61FEB345400CCF024 /* ConvoLayoutDelegate.swift in Sources */,
				5973C8791F608A2200647492 /* makeAdjectives.swift in Sources */,
				591413181FEC58C1001A2A70 /* IconManager.swift in Sources */,
				5973C85A1F608A2200647492 /* ProxiesTableViewCell.swift in Sources */,
				593D7D4C1F852A5000D3FBD5 /* ProxiesInteractedWithCountManager.swift in Sources */,
				5973C8771F608A2200647492 /* SenderPickerViewController.swift in Sources */,
				5973C86B1F608A2200647492 /* Convo.swift in Sources */,
				5973C8631F608A2200647492 /* ProxiesTableViewDataSource.swift in Sources */,
				593D7D481F8528B800D3FBD5 /* MessagesSentCountManager.swift in Sources */,
				593D7D461F85246900D3FBD5 /* MessagesSentCountManaging.swift in Sources */,
				5973C8751F608A2200647492 /* makeIconNames.swift in Sources */,
				598F89F41FEB311A00CCF024 /* ConvoDisplayDelegate.swift in Sources */,
				59155AB61F7B7951001EDDD0 /* ConvosButtonManager.swift in Sources */,
				59DDF43B1F6AB2F100D4E239 /* ConvosTableViewDelegate.swift in Sources */,
				5973C8701F608A2200647492 /* ConvosObserver.swift in Sources */,
				59B90C1F1FF340F700449569 /* UnreadMessagesManaging.swift in Sources */,
				59E75B301F846F6B0033A407 /* ProxyManager.swift in Sources */,
				5973C8691F608A2200647492 /* makeNouns.swift in Sources */,
				5973C86C1F608A2200647492 /* LoginService.swift in Sources */,
				59B90C211FF3411E00449569 /* UnreadMessagesManager.swift in Sources */,
				5973C8761F608A2200647492 /* MeViewController.swift in Sources */,
				598F89EC1FEB12E000CCF024 /* MessagesManager.swift in Sources */,
				598F89FE1FEB401200CCF024 /* ConvoDetailViewController.swift in Sources */,
				59033F0C1F83BFD100F3062D /* ProxyManaging.swift in Sources */,
				5962575A1FD6ED7E00C87E2A /* ProxyOwner.swift in Sources */,
				5973C8601F608A2200647492 /* MeTableViewCell.swift in Sources */,
				5973C8511F608A2200647492 /* ProxyError.swift in Sources */,
				5958D5061F6C140100B07B0F /* MessagesSentObserver.swift in Sources */,
				5973C85D1F608A2200647492 /* Common.swift in Sources */,
				598F89F21FEB273200CCF024 /* ConvoInputBarDelegate.swift in Sources */,
				5973C84A1F608A2200647492 /* ConvosTableViewCell.swift in Sources */,
				5973C8561F608A2200647492 /* LoginViewController.swift in Sources */,
				5973C8681F608A2200647492 /* ProxyViewController.swift in Sources */,
				5973C8781F608A2200647492 /* ButtonManaging.swift in Sources */,
				593D7D441F851F7D00D3FBD5 /* MessagesReceivedCountManager.swift in Sources */,
				5973C8611F608A2200647492 /* DB.swift in Sources */,
				5973C87A1F608A2200647492 /* AuthObserver.swift in Sources */,
				5973C85E1F608A2200647492 /* SenderProxyTableViewCell.swift in Sources */,
				593D7D4A1F8529EB00D3FBD5 /* ProxiesInteractedManaging.swift in Sources */,
				590441EB1F98351E0015CE16 /* ConvosViewController.swift in Sources */,
				59AF0E7C1F7B5129009F6F38 /* ProxiesButtonManager.swift in Sources */,
				5973C85B1F608A2200647492 /* DBProxy.swift in Sources */,
				5973C84B1F608A2200647492 /* DBUser.swift in Sources */,
				59FF37421F97A6AA00FA1AF0 /* TabBarController.swift in Sources */,
				5973C86E1F608A2200647492 /* DBMessage.swift in Sources */,
				5973C8541F608A2200647492 /* ProxyTableViewDataSource.swift in Sources */,
				5973C85F1F608A2200647492 /* IconPickerViewController.swift in Sources */,
				59DCE5FC1F65FCC900AC9CEC /* ProxyTableViewDelegate.swift in Sources */,
			);
			runOnlyForDeploymentPostprocessing = 0;
		};
		59B432EC1F60648400622DEA /* Sources */ = {
			isa = PBXSourcesBuildPhase;
			buildActionMask = 2147483647;
			files = (
				591E305E1FF9729C00094EB3 /* CommonDBTests.swift in Sources */,
				5973C8841F608A4E00647492 /* DBTests.swift in Sources */,
				5973C8871F608A4E00647492 /* DBMessageTests.swift in Sources */,
				5973C8891F608A4E00647492 /* CommonTests.swift in Sources */,
				5973C88A1F608A4E00647492 /* DBTest.swift in Sources */,
				5973C88C1F608A4E00647492 /* DBProxyTests.swift in Sources */,
				5973C8861F608A4E00647492 /* DBConvoTests.swift in Sources */,
			);
			runOnlyForDeploymentPostprocessing = 0;
		};
		59B432F71F60648400622DEA /* Sources */ = {
			isa = PBXSourcesBuildPhase;
			buildActionMask = 2147483647;
			files = (
			);
			runOnlyForDeploymentPostprocessing = 0;
		};
/* End PBXSourcesBuildPhase section */

/* Begin PBXTargetDependency section */
		59B432F21F60648400622DEA /* PBXTargetDependency */ = {
			isa = PBXTargetDependency;
			target = 59B432DB1F60648400622DEA /* Proxy */;
			targetProxy = 59B432F11F60648400622DEA /* PBXContainerItemProxy */;
		};
		59B432FD1F60648400622DEA /* PBXTargetDependency */ = {
			isa = PBXTargetDependency;
			target = 59B432DB1F60648400622DEA /* Proxy */;
			targetProxy = 59B432FC1F60648400622DEA /* PBXContainerItemProxy */;
		};
/* End PBXTargetDependency section */

/* Begin PBXVariantGroup section */
		59B432E31F60648400622DEA /* Main.storyboard */ = {
			isa = PBXVariantGroup;
			children = (
				59B432E41F60648400622DEA /* Base */,
			);
			name = Main.storyboard;
			sourceTree = "<group>";
		};
		59B432E81F60648400622DEA /* LaunchScreen.storyboard */ = {
			isa = PBXVariantGroup;
			children = (
				59B432E91F60648400622DEA /* Base */,
			);
			name = LaunchScreen.storyboard;
			sourceTree = "<group>";
		};
/* End PBXVariantGroup section */

/* Begin XCBuildConfiguration section */
		59B433021F60648400622DEA /* Debug */ = {
			isa = XCBuildConfiguration;
			buildSettings = {
				ALWAYS_SEARCH_USER_PATHS = NO;
				CLANG_ANALYZER_NONNULL = YES;
				CLANG_ANALYZER_NUMBER_OBJECT_CONVERSION = YES_AGGRESSIVE;
				CLANG_CXX_LANGUAGE_STANDARD = "gnu++14";
				CLANG_CXX_LIBRARY = "libc++";
				CLANG_ENABLE_MODULES = YES;
				CLANG_ENABLE_OBJC_ARC = YES;
				CLANG_WARN_BLOCK_CAPTURE_AUTORELEASING = YES;
				CLANG_WARN_BOOL_CONVERSION = YES;
				CLANG_WARN_COMMA = YES;
				CLANG_WARN_CONSTANT_CONVERSION = YES;
				CLANG_WARN_DIRECT_OBJC_ISA_USAGE = YES_ERROR;
				CLANG_WARN_DOCUMENTATION_COMMENTS = YES;
				CLANG_WARN_EMPTY_BODY = YES;
				CLANG_WARN_ENUM_CONVERSION = YES;
				CLANG_WARN_INFINITE_RECURSION = YES;
				CLANG_WARN_INT_CONVERSION = YES;
				CLANG_WARN_NON_LITERAL_NULL_CONVERSION = YES;
				CLANG_WARN_OBJC_LITERAL_CONVERSION = YES;
				CLANG_WARN_OBJC_ROOT_CLASS = YES_ERROR;
				CLANG_WARN_RANGE_LOOP_ANALYSIS = YES;
				CLANG_WARN_STRICT_PROTOTYPES = YES;
				CLANG_WARN_SUSPICIOUS_MOVE = YES;
				CLANG_WARN_UNGUARDED_AVAILABILITY = YES_AGGRESSIVE;
				CLANG_WARN_UNREACHABLE_CODE = YES;
				CLANG_WARN__DUPLICATE_METHOD_MATCH = YES;
				CODE_SIGN_IDENTITY = "iPhone Developer";
				COPY_PHASE_STRIP = NO;
				DEBUG_INFORMATION_FORMAT = dwarf;
				ENABLE_STRICT_OBJC_MSGSEND = YES;
				ENABLE_TESTABILITY = YES;
				GCC_C_LANGUAGE_STANDARD = gnu11;
				GCC_DYNAMIC_NO_PIC = NO;
				GCC_NO_COMMON_BLOCKS = YES;
				GCC_OPTIMIZATION_LEVEL = 0;
				GCC_PREPROCESSOR_DEFINITIONS = (
					"DEBUG=1",
					"$(inherited)",
				);
				GCC_WARN_64_TO_32_BIT_CONVERSION = YES;
				GCC_WARN_ABOUT_RETURN_TYPE = YES_ERROR;
				GCC_WARN_UNDECLARED_SELECTOR = YES;
				GCC_WARN_UNINITIALIZED_AUTOS = YES_AGGRESSIVE;
				GCC_WARN_UNUSED_FUNCTION = YES;
				GCC_WARN_UNUSED_VARIABLE = YES;
				IPHONEOS_DEPLOYMENT_TARGET = 11.0;
				MTL_ENABLE_DEBUG_INFO = YES;
				ONLY_ACTIVE_ARCH = YES;
				SDKROOT = iphoneos;
				SWIFT_ACTIVE_COMPILATION_CONDITIONS = DEBUG;
				SWIFT_OPTIMIZATION_LEVEL = "-Onone";
			};
			name = Debug;
		};
		59B433031F60648400622DEA /* Release */ = {
			isa = XCBuildConfiguration;
			buildSettings = {
				ALWAYS_SEARCH_USER_PATHS = NO;
				CLANG_ANALYZER_NONNULL = YES;
				CLANG_ANALYZER_NUMBER_OBJECT_CONVERSION = YES_AGGRESSIVE;
				CLANG_CXX_LANGUAGE_STANDARD = "gnu++14";
				CLANG_CXX_LIBRARY = "libc++";
				CLANG_ENABLE_MODULES = YES;
				CLANG_ENABLE_OBJC_ARC = YES;
				CLANG_WARN_BLOCK_CAPTURE_AUTORELEASING = YES;
				CLANG_WARN_BOOL_CONVERSION = YES;
				CLANG_WARN_COMMA = YES;
				CLANG_WARN_CONSTANT_CONVERSION = YES;
				CLANG_WARN_DIRECT_OBJC_ISA_USAGE = YES_ERROR;
				CLANG_WARN_DOCUMENTATION_COMMENTS = YES;
				CLANG_WARN_EMPTY_BODY = YES;
				CLANG_WARN_ENUM_CONVERSION = YES;
				CLANG_WARN_INFINITE_RECURSION = YES;
				CLANG_WARN_INT_CONVERSION = YES;
				CLANG_WARN_NON_LITERAL_NULL_CONVERSION = YES;
				CLANG_WARN_OBJC_LITERAL_CONVERSION = YES;
				CLANG_WARN_OBJC_ROOT_CLASS = YES_ERROR;
				CLANG_WARN_RANGE_LOOP_ANALYSIS = YES;
				CLANG_WARN_STRICT_PROTOTYPES = YES;
				CLANG_WARN_SUSPICIOUS_MOVE = YES;
				CLANG_WARN_UNGUARDED_AVAILABILITY = YES_AGGRESSIVE;
				CLANG_WARN_UNREACHABLE_CODE = YES;
				CLANG_WARN__DUPLICATE_METHOD_MATCH = YES;
				CODE_SIGN_IDENTITY = "iPhone Developer";
				COPY_PHASE_STRIP = NO;
				DEBUG_INFORMATION_FORMAT = "dwarf-with-dsym";
				ENABLE_NS_ASSERTIONS = NO;
				ENABLE_STRICT_OBJC_MSGSEND = YES;
				GCC_C_LANGUAGE_STANDARD = gnu11;
				GCC_NO_COMMON_BLOCKS = YES;
				GCC_WARN_64_TO_32_BIT_CONVERSION = YES;
				GCC_WARN_ABOUT_RETURN_TYPE = YES_ERROR;
				GCC_WARN_UNDECLARED_SELECTOR = YES;
				GCC_WARN_UNINITIALIZED_AUTOS = YES_AGGRESSIVE;
				GCC_WARN_UNUSED_FUNCTION = YES;
				GCC_WARN_UNUSED_VARIABLE = YES;
				IPHONEOS_DEPLOYMENT_TARGET = 11.0;
				MTL_ENABLE_DEBUG_INFO = NO;
				SDKROOT = iphoneos;
				SWIFT_OPTIMIZATION_LEVEL = "-Owholemodule";
				VALIDATE_PRODUCT = YES;
			};
			name = Release;
		};
		59B433051F60648400622DEA /* Debug */ = {
			isa = XCBuildConfiguration;
			baseConfigurationReference = FB56225B817DCBF58E66A328 /* Pods-Proxy.debug.xcconfig */;
			buildSettings = {
				ASSETCATALOG_COMPILER_APPICON_NAME = AppIcon;
				CLANG_ENABLE_MODULES = YES;
				CODE_SIGN_STYLE = Automatic;
				DEVELOPMENT_TEAM = 8UMN526X69;
				INFOPLIST_FILE = Proxy/Other/Info.plist;
				LD_RUNPATH_SEARCH_PATHS = "$(inherited) @executable_path/Frameworks";
				PRODUCT_BUNDLE_IDENTIFIER = com.quanvo.ProxyApp;
				PRODUCT_NAME = "$(TARGET_NAME)";
				SWIFT_OBJC_BRIDGING_HEADER = "Proxy/Other/Proxy-Bridging-Header.h";
				SWIFT_OPTIMIZATION_LEVEL = "-Onone";
				SWIFT_VERSION = 4.0;
				TARGETED_DEVICE_FAMILY = "1,2";
			};
			name = Debug;
		};
		59B433061F60648400622DEA /* Release */ = {
			isa = XCBuildConfiguration;
			baseConfigurationReference = AEB2FC377DDBB1420707CD30 /* Pods-Proxy.release.xcconfig */;
			buildSettings = {
				ASSETCATALOG_COMPILER_APPICON_NAME = AppIcon;
				CLANG_ENABLE_MODULES = YES;
				CODE_SIGN_STYLE = Automatic;
				DEVELOPMENT_TEAM = 8UMN526X69;
				INFOPLIST_FILE = Proxy/Other/Info.plist;
				LD_RUNPATH_SEARCH_PATHS = "$(inherited) @executable_path/Frameworks";
				PRODUCT_BUNDLE_IDENTIFIER = com.quanvo.ProxyApp;
				PRODUCT_NAME = "$(TARGET_NAME)";
				SWIFT_OBJC_BRIDGING_HEADER = "Proxy/Other/Proxy-Bridging-Header.h";
				SWIFT_VERSION = 4.0;
				TARGETED_DEVICE_FAMILY = "1,2";
			};
			name = Release;
		};
		59B433081F60648400622DEA /* Debug */ = {
			isa = XCBuildConfiguration;
			baseConfigurationReference = 3BAAA6C3B4320D57BE4DCA56 /* Pods-ProxyTests.debug.xcconfig */;
			buildSettings = {
				BUNDLE_LOADER = "$(TEST_HOST)";
				CLANG_ENABLE_MODULES = YES;
				CODE_SIGN_STYLE = Automatic;
				DEVELOPMENT_TEAM = 8UMN526X69;
				INFOPLIST_FILE = ProxyTests/Info.plist;
				LD_RUNPATH_SEARCH_PATHS = "$(inherited) @executable_path/Frameworks @loader_path/Frameworks";
				PRODUCT_BUNDLE_IDENTIFIER = com.quanvo.ProxyTests;
				PRODUCT_NAME = "$(TARGET_NAME)";
				SWIFT_OPTIMIZATION_LEVEL = "-Onone";
				SWIFT_VERSION = 4.0;
				TARGETED_DEVICE_FAMILY = "1,2";
				TEST_HOST = "$(BUILT_PRODUCTS_DIR)/Proxy.app/Proxy";
			};
			name = Debug;
		};
		59B433091F60648400622DEA /* Release */ = {
			isa = XCBuildConfiguration;
			baseConfigurationReference = 98C496244826E188C3B4E0DE /* Pods-ProxyTests.release.xcconfig */;
			buildSettings = {
				BUNDLE_LOADER = "$(TEST_HOST)";
				CLANG_ENABLE_MODULES = YES;
				CODE_SIGN_STYLE = Automatic;
				DEVELOPMENT_TEAM = 8UMN526X69;
				INFOPLIST_FILE = ProxyTests/Info.plist;
				LD_RUNPATH_SEARCH_PATHS = "$(inherited) @executable_path/Frameworks @loader_path/Frameworks";
				PRODUCT_BUNDLE_IDENTIFIER = com.quanvo.ProxyTests;
				PRODUCT_NAME = "$(TARGET_NAME)";
				SWIFT_VERSION = 4.0;
				TARGETED_DEVICE_FAMILY = "1,2";
				TEST_HOST = "$(BUILT_PRODUCTS_DIR)/Proxy.app/Proxy";
			};
			name = Release;
		};
		59B4330B1F60648400622DEA /* Debug */ = {
			isa = XCBuildConfiguration;
			baseConfigurationReference = CE5D26021F4DC30946491473 /* Pods-ProxyUITests.debug.xcconfig */;
			buildSettings = {
				CODE_SIGN_STYLE = Automatic;
				DEVELOPMENT_TEAM = 8UMN526X69;
				INFOPLIST_FILE = ProxyUITests/Info.plist;
				LD_RUNPATH_SEARCH_PATHS = "$(inherited) @executable_path/Frameworks @loader_path/Frameworks";
				PRODUCT_BUNDLE_IDENTIFIER = com.quanvo.ProxyUITests;
				PRODUCT_NAME = "$(TARGET_NAME)";
				SWIFT_VERSION = 4.0;
				TARGETED_DEVICE_FAMILY = "1,2";
				TEST_TARGET_NAME = Proxy;
			};
			name = Debug;
		};
		59B4330C1F60648400622DEA /* Release */ = {
			isa = XCBuildConfiguration;
			baseConfigurationReference = 72952ACE9075AEFF00E792D4 /* Pods-ProxyUITests.release.xcconfig */;
			buildSettings = {
				CODE_SIGN_STYLE = Automatic;
				DEVELOPMENT_TEAM = 8UMN526X69;
				INFOPLIST_FILE = ProxyUITests/Info.plist;
				LD_RUNPATH_SEARCH_PATHS = "$(inherited) @executable_path/Frameworks @loader_path/Frameworks";
				PRODUCT_BUNDLE_IDENTIFIER = com.quanvo.ProxyUITests;
				PRODUCT_NAME = "$(TARGET_NAME)";
				SWIFT_VERSION = 4.0;
				TARGETED_DEVICE_FAMILY = "1,2";
				TEST_TARGET_NAME = Proxy;
			};
			name = Release;
		};
/* End XCBuildConfiguration section */

/* Begin XCConfigurationList section */
		59B432D71F60648400622DEA /* Build configuration list for PBXProject "Proxy" */ = {
			isa = XCConfigurationList;
			buildConfigurations = (
				59B433021F60648400622DEA /* Debug */,
				59B433031F60648400622DEA /* Release */,
			);
			defaultConfigurationIsVisible = 0;
			defaultConfigurationName = Release;
		};
		59B433041F60648400622DEA /* Build configuration list for PBXNativeTarget "Proxy" */ = {
			isa = XCConfigurationList;
			buildConfigurations = (
				59B433051F60648400622DEA /* Debug */,
				59B433061F60648400622DEA /* Release */,
			);
			defaultConfigurationIsVisible = 0;
			defaultConfigurationName = Release;
		};
		59B433071F60648400622DEA /* Build configuration list for PBXNativeTarget "ProxyTests" */ = {
			isa = XCConfigurationList;
			buildConfigurations = (
				59B433081F60648400622DEA /* Debug */,
				59B433091F60648400622DEA /* Release */,
			);
			defaultConfigurationIsVisible = 0;
			defaultConfigurationName = Release;
		};
		59B4330A1F60648400622DEA /* Build configuration list for PBXNativeTarget "ProxyUITests" */ = {
			isa = XCConfigurationList;
			buildConfigurations = (
				59B4330B1F60648400622DEA /* Debug */,
				59B4330C1F60648400622DEA /* Release */,
			);
			defaultConfigurationIsVisible = 0;
			defaultConfigurationName = Release;
		};
/* End XCConfigurationList section */
	};
	rootObject = 59B432D41F60648400622DEA /* Project object */;
}
