PODS:
  - Bolts (1.8.4):
    - Bolts/AppLinks (= 1.8.4)
    - Bolts/Tasks (= 1.8.4)
  - Bolts/AppLinks (1.8.4):
    - Bolts/Tasks
  - Bolts/Tasks (1.8.4)
  - CFAlertViewController (3.0)
  - Device (3.0.3)
  - FacebookCore (0.3.0):
    - Bolts (~> 1.8)
    - FBSDKCoreKit (~> 4.27)
  - FacebookLogin (0.3.0):
    - Bolts (~> 1.8)
    - FacebookCore (~> 0.3)
    - FBSDKCoreKit (~> 4.27)
    - FBSDKLoginKit (~> 4.27)
  - FBSDKCoreKit (4.29.0):
    - Bolts (~> 1.7)
  - FBSDKLoginKit (4.29.0):
    - FBSDKCoreKit
  - Firebase (4.8.0):
    - Firebase/Core (= 4.8.0)
  - Firebase/Core (4.8.0):
    - FirebaseAnalytics (= 4.0.5)
    - FirebaseCore (= 4.0.13)
  - Firebase/Database (4.8.0):
    - Firebase/Core
    - FirebaseDatabase (= 4.1.3)
  - FirebaseAnalytics (4.0.5):
    - FirebaseCore (~> 4.0)
    - FirebaseInstanceID (~> 2.0)
    - GoogleToolboxForMac/NSData+zlib (~> 2.1)
    - nanopb (~> 0.3)
  - FirebaseAuth (4.4.1):
    - FirebaseAnalytics (~> 4.0)
    - GoogleToolboxForMac/NSDictionary+URLArguments (~> 2.1)
    - GTMSessionFetcher/Core (~> 1.1)
  - FirebaseCore (4.0.13):
    - GoogleToolboxForMac/NSData+zlib (~> 2.1)
  - FirebaseDatabase (4.1.3):
    - FirebaseAnalytics (~> 4.0)
    - FirebaseCore (~> 4.0)
    - leveldb-library (~> 1.18)
  - FirebaseHelper (1.0.0):
    - Firebase/Database (~> 4.1)
  - FirebaseInstanceID (2.0.8):
    - FirebaseCore (~> 4.0)
  - FirebaseMessaging (2.1.0):
    - FirebaseAnalytics (~> 4.0)
    - FirebaseCore (~> 4.0)
    - FirebaseInstanceID (~> 2.0)
    - GoogleToolboxForMac/Logger (~> 2.1)
    - Protobuf (~> 3.1)
  - FontAwesome.swift (1.3.2)
  - GoogleToolboxForMac/DebugUtils (2.1.3):
    - GoogleToolboxForMac/Defines (= 2.1.3)
  - GoogleToolboxForMac/Defines (2.1.3)
  - GoogleToolboxForMac/Logger (2.1.3):
    - GoogleToolboxForMac/Defines (= 2.1.3)
  - GoogleToolboxForMac/NSData+zlib (2.1.3):
    - GoogleToolboxForMac/Defines (= 2.1.3)
  - GoogleToolboxForMac/NSDictionary+URLArguments (2.1.3):
    - GoogleToolboxForMac/DebugUtils (= 2.1.3)
    - GoogleToolboxForMac/Defines (= 2.1.3)
    - GoogleToolboxForMac/NSString+URLArguments (= 2.1.3)
  - GoogleToolboxForMac/NSString+URLArguments (2.1.3)
  - GroupWork (0.0.6)
  - GTMSessionFetcher/Core (1.1.12)
  - leveldb-library (1.20)
  - MarqueeLabel/Swift (3.1.4)
  - MessageKit (0.13.1)
  - nanopb (0.3.8):
    - nanopb/decode (= 0.3.8)
    - nanopb/encode (= 0.3.8)
  - nanopb/decode (0.3.8)
  - nanopb/encode (0.3.8)
  - NotificationBannerSwift (1.6.1):
    - MarqueeLabel/Swift
    - SnapKit (~> 4.0)
  - paper-onboarding (4.0.0)
  - Protobuf (3.5.0)
  - PureLayout (3.0.2)
  - SearchTextField (1.2.0)
  - SkyFloatingLabelTextField (3.4.0)
  - SnapKit (4.0.0)
  - Spring (1.0.5)
  - SwiftLint (0.24.2)
  - SwiftMessages (4.1.0)
  - SwiftVideoBackground (3.0.0)
  - SwiftyButton (0.8.0)
  - WQNetworkActivityIndicator (0.1.2)

DEPENDENCIES:
  - CFAlertViewController (~> 3.0)
  - Device (~> 3.0)
  - FacebookCore (~> 0.3)
  - FacebookLogin (~> 0.3)
  - Firebase (~> 4.8)
  - FirebaseAuth (~> 4.4)
  - FirebaseDatabase (~> 4.1)
  - FirebaseHelper (~> 1.0)
  - FirebaseMessaging (~> 2.1)
  - FontAwesome.swift (~> 1.3)
  - GroupWork (~> 0.0)
  - MessageKit (~> 0.13)
  - NotificationBannerSwift (~> 1.6)
  - paper-onboarding (~> 4.0)
  - PureLayout (~> 3.0)
  - SearchTextField (~> 1.2)
  - SkyFloatingLabelTextField (~> 3.4)
  - Spring (~> 1.0)
  - SwiftLint (~> 0.24)
  - SwiftMessages (~> 4.1)
  - SwiftVideoBackground (~> 3.0)
  - SwiftyButton (~> 0.8)
  - WQNetworkActivityIndicator (~> 0.1)

SPEC CHECKSUMS:
  Bolts: 8a7995239dbe724f9cba2248b766d48b7ebdd322
  CFAlertViewController: 460bb12b42b500bb0838e5595ca144a18344765f
  Device: 9a5264ee4e0f392e7153d2c46b10c8df46b7aad2
  FacebookCore: 3ffa190a3f1f96cec0e44d3fc221bc322c595ffa
  FacebookLogin: 0af839ea858faef99550d16596b87b4a8e8906e6
  FBSDKCoreKit: 6f139173dc63a1deaff4430a55f2fe5bb222d2af
  FBSDKLoginKit: 56a057ca6822535ea0faa25f57a7c41edb697fd4
  Firebase: 710decbbc6d9d48530e9a5dba3209740c3532e05
  FirebaseAnalytics: 5b02a63ead2c3f0259cfc7f15e053e440587ecf8
  FirebaseAuth: dc0dd403beca5b2b016aac89c2d0b8dad1c81926
  FirebaseCore: 3c02ec652db3d03fdc8bc6d9154af3e20d64b6f5
  FirebaseDatabase: 7088bfc4af2cc00231bb36e1404fc2d7509eb4dc
  FirebaseHelper: 1f6bfbaf696118d049688a8586dd3b84b251d0ff
  FirebaseInstanceID: 81df5805a08001e69138664bdd02c6719a9ac80f
  FirebaseMessaging: 2bafab2d0f3ab3dfd753101c2c32995c2051b5da
  FontAwesome.swift: b4e4c8ccbbecb12f9b592bc533ff237af3706667
  GoogleToolboxForMac: 2501e2ad72a52eb3dfe7bd9aee7dad11b858bd20
  GroupWork: b6184ee1e14e573ae4d9eeea1d4a6172d6d608bc
  GTMSessionFetcher: ebaa1f79a5366922c1735f1566901f50beba23b7
  leveldb-library: 08cba283675b7ed2d99629a4bc5fd052cd2bb6a5
  MarqueeLabel: bf768455fe88d427f71476ebb23f9092b660f40b
  MessageKit: fc74d71d9b05385138d47b3a4b7beef5c687daf1
  nanopb: 5601e6bca2dbf1ed831b519092ec110f66982ca3
  NotificationBannerSwift: 1fc2955381e6eb26d958ba32160fc41721b9b689
  paper-onboarding: f920d5dc86b439dea5fbe5e59cc5ec9cc1a904a4
  Protobuf: 8a9838fba8dae3389230e1b7f8c104aa32389c03
  PureLayout: 4d550abe49a94f24c2808b9b95db9131685fe4cd
  SearchTextField: a5bb7e4c33affadb115afdbe8100d84ef10a8024
  SkyFloatingLabelTextField: 703aa1420b697392b1e7dba25571180dde018477
  SnapKit: a42d492c16e80209130a3379f73596c3454b7694
  Spring: 17901566c8ecf3a1327902b940406c64512f9bb1
  SwiftLint: 2aa21b96c8d13396a051bc1cb659d2ce1e0075b0
  SwiftMessages: 1bacc783c8f10bdfdc57c14860cae8a1f1fa6591
  SwiftVideoBackground: 15c69b74458ad57f123c52f55a5bf6865eaf4eae
  SwiftyButton: 093e3fe2becf3ae31c0f6c1c6987b79a93fb3ecb
  WQNetworkActivityIndicator: 6a893f95b5500de408b3712f66f4cc4265b49f8d

PODFILE CHECKSUM: cee50fafb1b15390a193511432ae14888d3b960a

COCOAPODS: 1.4.0
